PODS:
  - Alamofire (5.0.2)
  - AlamofireImage (4.0.2):
    - Alamofire (< 6.0.0, >= 5.0.2)
  - R.swift (5.1.0):
    - R.swift.Library (~> 5.1.0)
  - R.swift.Library (5.1.0)
  - RxBlocking (5.1.0):
    - RxSwift (~> 5)
  - RxCocoa (5.1.0):
    - RxRelay (~> 5)
    - RxSwift (~> 5)
  - RxRelay (5.1.0):
    - RxSwift (~> 5)
  - RxSwift (5.0.1)
  - RxTest (5.1.0):
    - RxSwift (~> 5)

DEPENDENCIES:
  - Alamofire (~> 5)
  - Alamofire (~> 5.0)
  - AlamofireImage (~> 4.0)
  - R.swift
  - RxBlocking (~> 5)
  - RxCocoa (~> 5)
  - RxSwift (~> 5)
  - RxTest (~> 5)

SPEC REPOS:
  trunk:
    - Alamofire
    - AlamofireImage
    - R.swift
    - R.swift.Library
    - RxBlocking
    - RxCocoa
    - RxRelay
    - RxSwift
    - RxTest

SPEC CHECKSUMS:
  Alamofire: 3ba7a4db18b4f62c4a1c0e1cb39d7f3d52e10ada
  AlamofireImage: ca7325440303d041a80b7caa55066ba945522378
  R.swift: 8cbc4fc69b740305b6a17c8a8ed968eb788962d9
  R.swift.Library: fa85ce1e0d0b7e818cd9e080df910ba54d2776cc
  RxBlocking: 5ef131267220f92ef68531dd6afeaf407cd6b41a
  RxCocoa: 13d2a4d7546a34b8ececae8c281e4ea1dbb94f2b
  RxRelay: a168bd6caf712d00c676ac344e9295afc93b418e
  RxSwift: e2dc62b366a3adf6a0be44ba9f405efd4c94e0c4
  RxTest: d5e1c9c1880de2751041fa485d476ce006967b31

PODFILE CHECKSUM: b1c7c45e9b8c134995f4c0ae0c1a0c249a6592e2

COCOAPODS: 1.9.0
