PODS:
  - Alamofire (5.0.2)
  - AlamofireImage (4.0.2):
    - Alamofire (< 6.0.0, >= 5.0.2)
  - R.swift (5.1.0):
    - R.swift.Library (~> 5.1.0)
  - R.swift.Library (5.1.0)

DEPENDENCIES:
  - Alamofire (~> 5)
  - Alamofire (~> 5.0)
  - AlamofireImage (~> 4.0)
  - R.swift

SPEC REPOS:
  trunk:
    - Alamofire
    - AlamofireImage
    - R.swift
    - R.swift.Library

SPEC CHECKSUMS:
  Alamofire: 3ba7a4db18b4f62c4a1c0e1cb39d7f3d52e10ada
  AlamofireImage: ca7325440303d041a80b7caa55066ba945522378
  R.swift: 8cbc4fc69b740305b6a17c8a8ed968eb788962d9
  R.swift.Library: fa85ce1e0d0b7e818cd9e080df910ba54d2776cc

PODFILE CHECKSUM: 7e3b65aec43b1cc8a5cede899467610c23c19402

COCOAPODS: 1.9.0
