// !$*UTF8*$!
{
	archiveVersion = 1;
	classes = {
	};
	objectVersion = 51;
	objects = {

/* Begin PBXBuildFile section */
		5BB8E9FF973F7F5F50F963CA /* Pods_Presentation.framework in Frameworks */ = {isa = PBXBuildFile; fileRef = 4C7EB77734B100B758C01131 /* Pods_Presentation.framework */; };
		70B62D3B0E6D1DE018761C85 /* Pods_PresentationTests.framework in Frameworks */ = {isa = PBXBuildFile; fileRef = BA5236E50692AA857AE593B3 /* Pods_PresentationTests.framework */; };
		847CC2E6624EFB21F97EA58A /* Pods_Presentation_PresentationUITests.framework in Frameworks */ = {isa = PBXBuildFile; fileRef = A6575950721BD7B9481C9F4D /* Pods_Presentation_PresentationUITests.framework */; };
		A1073F1424223C5200770450 /* GithubAssembly.swift in Sources */ = {isa = PBXBuildFile; fileRef = A1073F1324223C5200770450 /* GithubAssembly.swift */; };
		A1073F1624223C6F00770450 /* GithubUITestWithDataAssembly.swift in Sources */ = {isa = PBXBuildFile; fileRef = A1073F1524223C6F00770450 /* GithubUITestWithDataAssembly.swift */; };
		A1073F1824223F3300770450 /* MainAssembler.swift in Sources */ = {isa = PBXBuildFile; fileRef = A1073F1724223F3300770450 /* MainAssembler.swift */; };
		A163E57D241436A100FA0BA2 /* GitPullRequestsViewController.swift in Sources */ = {isa = PBXBuildFile; fileRef = A163E57B241436A100FA0BA2 /* GitPullRequestsViewController.swift */; };
		A163E57E241436A100FA0BA2 /* GitPullRequestsViewController.xib in Resources */ = {isa = PBXBuildFile; fileRef = A163E57C241436A100FA0BA2 /* GitPullRequestsViewController.xib */; };
		A163E5832414375900FA0BA2 /* GitPullRequestsTableViewCell.swift in Sources */ = {isa = PBXBuildFile; fileRef = A163E5812414375900FA0BA2 /* GitPullRequestsTableViewCell.swift */; };
		A163E5842414375900FA0BA2 /* GitPullRequestsTableViewCell.xib in Resources */ = {isa = PBXBuildFile; fileRef = A163E5822414375900FA0BA2 /* GitPullRequestsTableViewCell.xib */; };
		A163E5862414FCC400FA0BA2 /* GitPullRequestsViewModel.swift in Sources */ = {isa = PBXBuildFile; fileRef = A163E5852414FCC400FA0BA2 /* GitPullRequestsViewModel.swift */; };
		A163E5882414FD6E00FA0BA2 /* ViewModelStatus.swift in Sources */ = {isa = PBXBuildFile; fileRef = A163E5872414FD6E00FA0BA2 /* ViewModelStatus.swift */; };
		A163E58E2415159800FA0BA2 /* GitPullRequestDetailViewController.swift in Sources */ = {isa = PBXBuildFile; fileRef = A163E58C2415159800FA0BA2 /* GitPullRequestDetailViewController.swift */; };
		A163E58F2415159800FA0BA2 /* GitPullRequestDetailViewController.xib in Resources */ = {isa = PBXBuildFile; fileRef = A163E58D2415159800FA0BA2 /* GitPullRequestDetailViewController.xib */; };
		A163E5912415211400FA0BA2 /* GitPullRequestDetailViewModel.swift in Sources */ = {isa = PBXBuildFile; fileRef = A163E5902415211400FA0BA2 /* GitPullRequestDetailViewModel.swift */; };
		A163E5932415270500FA0BA2 /* Date+ToString.swift in Sources */ = {isa = PBXBuildFile; fileRef = A163E5922415270500FA0BA2 /* Date+ToString.swift */; };
		A163E59524152EFF00FA0BA2 /* UIImageView+LoadCircleImage.swift in Sources */ = {isa = PBXBuildFile; fileRef = A163E59424152EFF00FA0BA2 /* UIImageView+LoadCircleImage.swift */; };
		A163E597241534AC00FA0BA2 /* GitPullRequestsViewModelTests.swift in Sources */ = {isa = PBXBuildFile; fileRef = A163E596241534AC00FA0BA2 /* GitPullRequestsViewModelTests.swift */; };
		A163E599241538A600FA0BA2 /* MockGitPullRequestDataSource.swift in Sources */ = {isa = PBXBuildFile; fileRef = A163E598241538A600FA0BA2 /* MockGitPullRequestDataSource.swift */; };
		A163E59B2415391400FA0BA2 /* PullRequestDetailViewModelTests.swift in Sources */ = {isa = PBXBuildFile; fileRef = A163E59A2415391400FA0BA2 /* PullRequestDetailViewModelTests.swift */; };
		A163E5A62415A5CA00FA0BA2 /* Observable.swift in Sources */ = {isa = PBXBuildFile; fileRef = A163E5A52415A5CA00FA0BA2 /* Observable.swift */; };
		A166A905240D505800824CAD /* AppDelegate.swift in Sources */ = {isa = PBXBuildFile; fileRef = A166A904240D505800824CAD /* AppDelegate.swift */; };
		A166A907240D505800824CAD /* SceneDelegate.swift in Sources */ = {isa = PBXBuildFile; fileRef = A166A906240D505800824CAD /* SceneDelegate.swift */; };
		A166A911240D506000824CAD /* Assets.xcassets in Resources */ = {isa = PBXBuildFile; fileRef = A166A910240D506000824CAD /* Assets.xcassets */; };
		A166A914240D506000824CAD /* LaunchScreen.storyboard in Resources */ = {isa = PBXBuildFile; fileRef = A166A912240D506000824CAD /* LaunchScreen.storyboard */; };
		A166A92A240D506000824CAD /* PresentationUITests.swift in Sources */ = {isa = PBXBuildFile; fileRef = A166A929240D506000824CAD /* PresentationUITests.swift */; };
		A166A943240D518F00824CAD /* RepositoriesTableViewController.swift in Sources */ = {isa = PBXBuildFile; fileRef = A166A941240D518F00824CAD /* RepositoriesTableViewController.swift */; };
		A166A944240D518F00824CAD /* RepositoriesTableViewController.xib in Resources */ = {isa = PBXBuildFile; fileRef = A166A942240D518F00824CAD /* RepositoriesTableViewController.xib */; };
		A166A949240D52BE00824CAD /* RepositoriesTableViewCell.swift in Sources */ = {isa = PBXBuildFile; fileRef = A166A947240D52BE00824CAD /* RepositoriesTableViewCell.swift */; };
		A166A94A240D52BE00824CAD /* RepositoriesTableViewCell.xib in Resources */ = {isa = PBXBuildFile; fileRef = A166A948240D52BE00824CAD /* RepositoriesTableViewCell.xib */; };
		A166A94D240D539300824CAD /* UIView+Utils.swift in Sources */ = {isa = PBXBuildFile; fileRef = A166A94C240D539300824CAD /* UIView+Utils.swift */; };
		A166A951240D596500824CAD /* R.generated.swift in Sources */ = {isa = PBXBuildFile; fileRef = A166A950240D596500824CAD /* R.generated.swift */; };
		A1672C882413130E004CE285 /* RepositoriesTableViewModel.swift in Sources */ = {isa = PBXBuildFile; fileRef = A1672C872413130E004CE285 /* RepositoriesTableViewModel.swift */; };
		A1672C8B24132DE4004CE285 /* Coordinator.swift in Sources */ = {isa = PBXBuildFile; fileRef = A1672C8A24132DE4004CE285 /* Coordinator.swift */; };
		A1672C8E24132E66004CE285 /* MainCoordinator.swift in Sources */ = {isa = PBXBuildFile; fileRef = A1672C8D24132E66004CE285 /* MainCoordinator.swift */; };
		A1672CA824134252004CE285 /* DataSource.framework in Frameworks */ = {isa = PBXBuildFile; fileRef = A1672CA724134252004CE285 /* DataSource.framework */; };
		A1672CA924134252004CE285 /* DataSource.framework in Embed Frameworks */ = {isa = PBXBuildFile; fileRef = A1672CA724134252004CE285 /* DataSource.framework */; settings = {ATTRIBUTES = (CodeSignOnCopy, RemoveHeadersOnCopy, ); }; };
		A1672CB6241357A6004CE285 /* RepositoriesTableViewModelTests.swift in Sources */ = {isa = PBXBuildFile; fileRef = A1672CB5241357A6004CE285 /* RepositoriesTableViewModelTests.swift */; };
		A1672CB92413B3B4004CE285 /* ProgressHUD.swift in Sources */ = {isa = PBXBuildFile; fileRef = A1672CB82413B3B4004CE285 /* ProgressHUD.swift */; };
		A1E2974D241121EC0020288A /* Domain.framework in Frameworks */ = {isa = PBXBuildFile; fileRef = A1E2974C241121EC0020288A /* Domain.framework */; };
		A1E2974E241121EC0020288A /* Domain.framework in Embed Frameworks */ = {isa = PBXBuildFile; fileRef = A1E2974C241121EC0020288A /* Domain.framework */; settings = {ATTRIBUTES = (CodeSignOnCopy, RemoveHeadersOnCopy, ); }; };
/* End PBXBuildFile section */

/* Begin PBXContainerItemProxy section */
		A166A91B240D506000824CAD /* PBXContainerItemProxy */ = {
			isa = PBXContainerItemProxy;
			containerPortal = A166A8F9240D505800824CAD /* Project object */;
			proxyType = 1;
			remoteGlobalIDString = A166A900240D505800824CAD;
			remoteInfo = Presentation;
		};
		A166A926240D506000824CAD /* PBXContainerItemProxy */ = {
			isa = PBXContainerItemProxy;
			containerPortal = A166A8F9240D505800824CAD /* Project object */;
			proxyType = 1;
			remoteGlobalIDString = A166A900240D505800824CAD;
			remoteInfo = Presentation;
		};
/* End PBXContainerItemProxy section */

/* Begin PBXCopyFilesBuildPhase section */
		A1E2974F241121EC0020288A /* Embed Frameworks */ = {
			isa = PBXCopyFilesBuildPhase;
			buildActionMask = 2147483647;
			dstPath = "";
			dstSubfolderSpec = 10;
			files = (
				A1E2974E241121EC0020288A /* Domain.framework in Embed Frameworks */,
				A1672CA924134252004CE285 /* DataSource.framework in Embed Frameworks */,
			);
			name = "Embed Frameworks";
			runOnlyForDeploymentPostprocessing = 0;
		};
/* End PBXCopyFilesBuildPhase section */

/* Begin PBXFileReference section */
		0BA1FCC15619E1F652D1EF23 /* Pods-PresentationTests.release.xcconfig */ = {isa = PBXFileReference; includeInIndex = 1; lastKnownFileType = text.xcconfig; name = "Pods-PresentationTests.release.xcconfig"; path = "Target Support Files/Pods-PresentationTests/Pods-PresentationTests.release.xcconfig"; sourceTree = "<group>"; };
		190544558C1B09CBF98C46EC /* Pods-Presentation-PresentationUITests.debug.xcconfig */ = {isa = PBXFileReference; includeInIndex = 1; lastKnownFileType = text.xcconfig; name = "Pods-Presentation-PresentationUITests.debug.xcconfig"; path = "Target Support Files/Pods-Presentation-PresentationUITests/Pods-Presentation-PresentationUITests.debug.xcconfig"; sourceTree = "<group>"; };
		4C7EB77734B100B758C01131 /* Pods_Presentation.framework */ = {isa = PBXFileReference; explicitFileType = wrapper.framework; includeInIndex = 0; path = Pods_Presentation.framework; sourceTree = BUILT_PRODUCTS_DIR; };
		54C77493AA7D9DB58E1BA88B /* Pods-PresentationTests.debug.xcconfig */ = {isa = PBXFileReference; includeInIndex = 1; lastKnownFileType = text.xcconfig; name = "Pods-PresentationTests.debug.xcconfig"; path = "Target Support Files/Pods-PresentationTests/Pods-PresentationTests.debug.xcconfig"; sourceTree = "<group>"; };
		61E166D86EE628E348D34210 /* Pods-Presentation.debug.xcconfig */ = {isa = PBXFileReference; includeInIndex = 1; lastKnownFileType = text.xcconfig; name = "Pods-Presentation.debug.xcconfig"; path = "Target Support Files/Pods-Presentation/Pods-Presentation.debug.xcconfig"; sourceTree = "<group>"; };
		8C941EE83833F9174BE98261 /* Pods-Presentation-PresentationUITests.release.xcconfig */ = {isa = PBXFileReference; includeInIndex = 1; lastKnownFileType = text.xcconfig; name = "Pods-Presentation-PresentationUITests.release.xcconfig"; path = "Target Support Files/Pods-Presentation-PresentationUITests/Pods-Presentation-PresentationUITests.release.xcconfig"; sourceTree = "<group>"; };
		A1073F1324223C5200770450 /* GithubAssembly.swift */ = {isa = PBXFileReference; lastKnownFileType = sourcecode.swift; path = GithubAssembly.swift; sourceTree = "<group>"; };
		A1073F1524223C6F00770450 /* GithubUITestWithDataAssembly.swift */ = {isa = PBXFileReference; lastKnownFileType = sourcecode.swift; path = GithubUITestWithDataAssembly.swift; sourceTree = "<group>"; };
		A1073F1724223F3300770450 /* MainAssembler.swift */ = {isa = PBXFileReference; lastKnownFileType = sourcecode.swift; path = MainAssembler.swift; sourceTree = "<group>"; };
		A163E57B241436A100FA0BA2 /* GitPullRequestsViewController.swift */ = {isa = PBXFileReference; lastKnownFileType = sourcecode.swift; path = GitPullRequestsViewController.swift; sourceTree = "<group>"; };
		A163E57C241436A100FA0BA2 /* GitPullRequestsViewController.xib */ = {isa = PBXFileReference; lastKnownFileType = file.xib; path = GitPullRequestsViewController.xib; sourceTree = "<group>"; };
		A163E5812414375900FA0BA2 /* GitPullRequestsTableViewCell.swift */ = {isa = PBXFileReference; lastKnownFileType = sourcecode.swift; path = GitPullRequestsTableViewCell.swift; sourceTree = "<group>"; };
		A163E5822414375900FA0BA2 /* GitPullRequestsTableViewCell.xib */ = {isa = PBXFileReference; lastKnownFileType = file.xib; path = GitPullRequestsTableViewCell.xib; sourceTree = "<group>"; };
		A163E5852414FCC400FA0BA2 /* GitPullRequestsViewModel.swift */ = {isa = PBXFileReference; lastKnownFileType = sourcecode.swift; path = GitPullRequestsViewModel.swift; sourceTree = "<group>"; };
		A163E5872414FD6E00FA0BA2 /* ViewModelStatus.swift */ = {isa = PBXFileReference; lastKnownFileType = sourcecode.swift; path = ViewModelStatus.swift; sourceTree = "<group>"; };
		A163E58C2415159800FA0BA2 /* GitPullRequestDetailViewController.swift */ = {isa = PBXFileReference; lastKnownFileType = sourcecode.swift; path = GitPullRequestDetailViewController.swift; sourceTree = "<group>"; };
		A163E58D2415159800FA0BA2 /* GitPullRequestDetailViewController.xib */ = {isa = PBXFileReference; lastKnownFileType = file.xib; path = GitPullRequestDetailViewController.xib; sourceTree = "<group>"; };
		A163E5902415211400FA0BA2 /* GitPullRequestDetailViewModel.swift */ = {isa = PBXFileReference; lastKnownFileType = sourcecode.swift; path = GitPullRequestDetailViewModel.swift; sourceTree = "<group>"; };
		A163E5922415270500FA0BA2 /* Date+ToString.swift */ = {isa = PBXFileReference; lastKnownFileType = sourcecode.swift; path = "Date+ToString.swift"; sourceTree = "<group>"; };
		A163E59424152EFF00FA0BA2 /* UIImageView+LoadCircleImage.swift */ = {isa = PBXFileReference; lastKnownFileType = sourcecode.swift; path = "UIImageView+LoadCircleImage.swift"; sourceTree = "<group>"; };
		A163E596241534AC00FA0BA2 /* GitPullRequestsViewModelTests.swift */ = {isa = PBXFileReference; lastKnownFileType = sourcecode.swift; path = GitPullRequestsViewModelTests.swift; sourceTree = "<group>"; };
		A163E598241538A600FA0BA2 /* MockGitPullRequestDataSource.swift */ = {isa = PBXFileReference; lastKnownFileType = sourcecode.swift; path = MockGitPullRequestDataSource.swift; sourceTree = "<group>"; };
		A163E59A2415391400FA0BA2 /* PullRequestDetailViewModelTests.swift */ = {isa = PBXFileReference; lastKnownFileType = sourcecode.swift; path = PullRequestDetailViewModelTests.swift; sourceTree = "<group>"; };
		A163E5A52415A5CA00FA0BA2 /* Observable.swift */ = {isa = PBXFileReference; lastKnownFileType = sourcecode.swift; path = Observable.swift; sourceTree = "<group>"; };
		A166A901240D505800824CAD /* Presentation.app */ = {isa = PBXFileReference; explicitFileType = wrapper.application; includeInIndex = 0; path = Presentation.app; sourceTree = BUILT_PRODUCTS_DIR; };
		A166A904240D505800824CAD /* AppDelegate.swift */ = {isa = PBXFileReference; lastKnownFileType = sourcecode.swift; path = AppDelegate.swift; sourceTree = "<group>"; };
		A166A906240D505800824CAD /* SceneDelegate.swift */ = {isa = PBXFileReference; lastKnownFileType = sourcecode.swift; path = SceneDelegate.swift; sourceTree = "<group>"; };
		A166A910240D506000824CAD /* Assets.xcassets */ = {isa = PBXFileReference; lastKnownFileType = folder.assetcatalog; path = Assets.xcassets; sourceTree = "<group>"; };
		A166A913240D506000824CAD /* Base */ = {isa = PBXFileReference; lastKnownFileType = file.storyboard; name = Base; path = Base.lproj/LaunchScreen.storyboard; sourceTree = "<group>"; };
		A166A915240D506000824CAD /* Info.plist */ = {isa = PBXFileReference; lastKnownFileType = text.plist.xml; path = Info.plist; sourceTree = "<group>"; };
		A166A91A240D506000824CAD /* PresentationTests.xctest */ = {isa = PBXFileReference; explicitFileType = wrapper.cfbundle; includeInIndex = 0; path = PresentationTests.xctest; sourceTree = BUILT_PRODUCTS_DIR; };
		A166A920240D506000824CAD /* Info.plist */ = {isa = PBXFileReference; lastKnownFileType = text.plist.xml; path = Info.plist; sourceTree = "<group>"; };
		A166A925240D506000824CAD /* PresentationUITests.xctest */ = {isa = PBXFileReference; explicitFileType = wrapper.cfbundle; includeInIndex = 0; path = PresentationUITests.xctest; sourceTree = BUILT_PRODUCTS_DIR; };
		A166A929240D506000824CAD /* PresentationUITests.swift */ = {isa = PBXFileReference; lastKnownFileType = sourcecode.swift; path = PresentationUITests.swift; sourceTree = "<group>"; };
		A166A92B240D506000824CAD /* Info.plist */ = {isa = PBXFileReference; lastKnownFileType = text.plist.xml; path = Info.plist; sourceTree = "<group>"; };
		A166A941240D518F00824CAD /* RepositoriesTableViewController.swift */ = {isa = PBXFileReference; lastKnownFileType = sourcecode.swift; path = RepositoriesTableViewController.swift; sourceTree = "<group>"; };
		A166A942240D518F00824CAD /* RepositoriesTableViewController.xib */ = {isa = PBXFileReference; lastKnownFileType = file.xib; path = RepositoriesTableViewController.xib; sourceTree = "<group>"; };
		A166A947240D52BE00824CAD /* RepositoriesTableViewCell.swift */ = {isa = PBXFileReference; lastKnownFileType = sourcecode.swift; path = RepositoriesTableViewCell.swift; sourceTree = "<group>"; };
		A166A948240D52BE00824CAD /* RepositoriesTableViewCell.xib */ = {isa = PBXFileReference; lastKnownFileType = file.xib; path = RepositoriesTableViewCell.xib; sourceTree = "<group>"; };
		A166A94C240D539300824CAD /* UIView+Utils.swift */ = {isa = PBXFileReference; lastKnownFileType = sourcecode.swift; path = "UIView+Utils.swift"; sourceTree = "<group>"; };
		A166A950240D596500824CAD /* R.generated.swift */ = {isa = PBXFileReference; fileEncoding = 4; lastKnownFileType = sourcecode.swift; path = R.generated.swift; sourceTree = SOURCE_ROOT; };
		A1672C872413130E004CE285 /* RepositoriesTableViewModel.swift */ = {isa = PBXFileReference; lastKnownFileType = sourcecode.swift; path = RepositoriesTableViewModel.swift; sourceTree = "<group>"; };
		A1672C8A24132DE4004CE285 /* Coordinator.swift */ = {isa = PBXFileReference; lastKnownFileType = sourcecode.swift; path = Coordinator.swift; sourceTree = "<group>"; };
		A1672C8D24132E66004CE285 /* MainCoordinator.swift */ = {isa = PBXFileReference; lastKnownFileType = sourcecode.swift; path = MainCoordinator.swift; sourceTree = "<group>"; };
		A1672CA724134252004CE285 /* DataSource.framework */ = {isa = PBXFileReference; explicitFileType = wrapper.framework; path = DataSource.framework; sourceTree = BUILT_PRODUCTS_DIR; };
		A1672CB5241357A6004CE285 /* RepositoriesTableViewModelTests.swift */ = {isa = PBXFileReference; lastKnownFileType = sourcecode.swift; path = RepositoriesTableViewModelTests.swift; sourceTree = "<group>"; };
		A1672CB82413B3B4004CE285 /* ProgressHUD.swift */ = {isa = PBXFileReference; lastKnownFileType = sourcecode.swift; path = ProgressHUD.swift; sourceTree = "<group>"; };
		A1E2974C241121EC0020288A /* Domain.framework */ = {isa = PBXFileReference; explicitFileType = wrapper.framework; path = Domain.framework; sourceTree = BUILT_PRODUCTS_DIR; };
		A6575950721BD7B9481C9F4D /* Pods_Presentation_PresentationUITests.framework */ = {isa = PBXFileReference; explicitFileType = wrapper.framework; includeInIndex = 0; path = Pods_Presentation_PresentationUITests.framework; sourceTree = BUILT_PRODUCTS_DIR; };
		BA5236E50692AA857AE593B3 /* Pods_PresentationTests.framework */ = {isa = PBXFileReference; explicitFileType = wrapper.framework; includeInIndex = 0; path = Pods_PresentationTests.framework; sourceTree = BUILT_PRODUCTS_DIR; };
		C8A11C5CBBCA2DC15256BED6 /* Pods-Presentation.release.xcconfig */ = {isa = PBXFileReference; includeInIndex = 1; lastKnownFileType = text.xcconfig; name = "Pods-Presentation.release.xcconfig"; path = "Target Support Files/Pods-Presentation/Pods-Presentation.release.xcconfig"; sourceTree = "<group>"; };
/* End PBXFileReference section */

/* Begin PBXFrameworksBuildPhase section */
		A166A8FE240D505800824CAD /* Frameworks */ = {
			isa = PBXFrameworksBuildPhase;
			buildActionMask = 2147483647;
			files = (
				A1E2974D241121EC0020288A /* Domain.framework in Frameworks */,
				A1672CA824134252004CE285 /* DataSource.framework in Frameworks */,
				5BB8E9FF973F7F5F50F963CA /* Pods_Presentation.framework in Frameworks */,
			);
			runOnlyForDeploymentPostprocessing = 0;
		};
		A166A917240D506000824CAD /* Frameworks */ = {
			isa = PBXFrameworksBuildPhase;
			buildActionMask = 2147483647;
			files = (
				70B62D3B0E6D1DE018761C85 /* Pods_PresentationTests.framework in Frameworks */,
			);
			runOnlyForDeploymentPostprocessing = 0;
		};
		A166A922240D506000824CAD /* Frameworks */ = {
			isa = PBXFrameworksBuildPhase;
			buildActionMask = 2147483647;
			files = (
				847CC2E6624EFB21F97EA58A /* Pods_Presentation_PresentationUITests.framework in Frameworks */,
			);
			runOnlyForDeploymentPostprocessing = 0;
		};
/* End PBXFrameworksBuildPhase section */

/* Begin PBXGroup section */
		55FCE9760BE55DC4B33F2FF8 /* Frameworks */ = {
			isa = PBXGroup;
			children = (
				A1672CA724134252004CE285 /* DataSource.framework */,
				A1E2974C241121EC0020288A /* Domain.framework */,
				4C7EB77734B100B758C01131 /* Pods_Presentation.framework */,
				A6575950721BD7B9481C9F4D /* Pods_Presentation_PresentationUITests.framework */,
				BA5236E50692AA857AE593B3 /* Pods_PresentationTests.framework */,
			);
			name = Frameworks;
			sourceTree = "<group>";
		};
		5B9ECA91233150EAA85CAAA7 /* Pods */ = {
			isa = PBXGroup;
			children = (
				61E166D86EE628E348D34210 /* Pods-Presentation.debug.xcconfig */,
				C8A11C5CBBCA2DC15256BED6 /* Pods-Presentation.release.xcconfig */,
				190544558C1B09CBF98C46EC /* Pods-Presentation-PresentationUITests.debug.xcconfig */,
				8C941EE83833F9174BE98261 /* Pods-Presentation-PresentationUITests.release.xcconfig */,
				54C77493AA7D9DB58E1BA88B /* Pods-PresentationTests.debug.xcconfig */,
				0BA1FCC15619E1F652D1EF23 /* Pods-PresentationTests.release.xcconfig */,
			);
			name = Pods;
			path = ../Pods;
			sourceTree = "<group>";
		};
		A1073F1224223C3700770450 /* DataSourcesAssemblers */ = {
			isa = PBXGroup;
			children = (
				A1073F1324223C5200770450 /* GithubAssembly.swift */,
				A1073F1524223C6F00770450 /* GithubUITestWithDataAssembly.swift */,
				A1073F1724223F3300770450 /* MainAssembler.swift */,
			);
			path = DataSourcesAssemblers;
			sourceTree = "<group>";
		};
		A163E57A2414367B00FA0BA2 /* GitPullRequests */ = {
			isa = PBXGroup;
			children = (
				A163E57B241436A100FA0BA2 /* GitPullRequestsViewController.swift */,
				A163E57C241436A100FA0BA2 /* GitPullRequestsViewController.xib */,
				A163E5812414375900FA0BA2 /* GitPullRequestsTableViewCell.swift */,
				A163E5822414375900FA0BA2 /* GitPullRequestsTableViewCell.xib */,
			);
			path = GitPullRequests;
			sourceTree = "<group>";
		};
		A163E58B2415157800FA0BA2 /* GitPullRequestDetail */ = {
			isa = PBXGroup;
			children = (
				A163E58C2415159800FA0BA2 /* GitPullRequestDetailViewController.swift */,
				A163E58D2415159800FA0BA2 /* GitPullRequestDetailViewController.xib */,
			);
			path = GitPullRequestDetail;
			sourceTree = "<group>";
		};
		A166A8F8240D505800824CAD = {
			isa = PBXGroup;
			children = (
				A166A903240D505800824CAD /* Presentation */,
				A166A91D240D506000824CAD /* PresentationTests */,
				A166A928240D506000824CAD /* PresentationUITests */,
				A166A902240D505800824CAD /* Products */,
				5B9ECA91233150EAA85CAAA7 /* Pods */,
				55FCE9760BE55DC4B33F2FF8 /* Frameworks */,
			);
			sourceTree = "<group>";
		};
		A166A902240D505800824CAD /* Products */ = {
			isa = PBXGroup;
			children = (
				A166A901240D505800824CAD /* Presentation.app */,
				A166A91A240D506000824CAD /* PresentationTests.xctest */,
				A166A925240D506000824CAD /* PresentationUITests.xctest */,
			);
			name = Products;
			sourceTree = "<group>";
		};
		A166A903240D505800824CAD /* Presentation */ = {
			isa = PBXGroup;
			children = (
				A1073F1224223C3700770450 /* DataSourcesAssemblers */,
				A166A915240D506000824CAD /* Info.plist */,
				A166A904240D505800824CAD /* AppDelegate.swift */,
				A166A906240D505800824CAD /* SceneDelegate.swift */,
				A166A910240D506000824CAD /* Assets.xcassets */,
				A1672C8924132DC9004CE285 /* Coordinator */,
				A166A94B240D538300824CAD /* Extensions */,
				A166A94F240D587B00824CAD /* SupportFiles */,
				A166A937240D507500824CAD /* Views */,
				A166A938240D507B00824CAD /* ViewModels */,
			);
			path = Presentation;
			sourceTree = "<group>";
		};
		A166A91D240D506000824CAD /* PresentationTests */ = {
			isa = PBXGroup;
			children = (
				A166A920240D506000824CAD /* Info.plist */,
				A1672CB5241357A6004CE285 /* RepositoriesTableViewModelTests.swift */,
				A163E596241534AC00FA0BA2 /* GitPullRequestsViewModelTests.swift */,
				A163E598241538A600FA0BA2 /* MockGitPullRequestDataSource.swift */,
				A163E59A2415391400FA0BA2 /* PullRequestDetailViewModelTests.swift */,
			);
			path = PresentationTests;
			sourceTree = "<group>";
		};
		A166A928240D506000824CAD /* PresentationUITests */ = {
			isa = PBXGroup;
			children = (
				A166A929240D506000824CAD /* PresentationUITests.swift */,
				A166A92B240D506000824CAD /* Info.plist */,
			);
			path = PresentationUITests;
			sourceTree = "<group>";
		};
		A166A937240D507500824CAD /* Views */ = {
			isa = PBXGroup;
			children = (
				A163E58B2415157800FA0BA2 /* GitPullRequestDetail */,
				A1672CB72413B397004CE285 /* Components */,
				A163E57A2414367B00FA0BA2 /* GitPullRequests */,
				A166A946240D529200824CAD /* GitRepositories */,
			);
			path = Views;
			sourceTree = "<group>";
		};
		A166A938240D507B00824CAD /* ViewModels */ = {
			isa = PBXGroup;
			children = (
				A1672C872413130E004CE285 /* RepositoriesTableViewModel.swift */,
				A163E5852414FCC400FA0BA2 /* GitPullRequestsViewModel.swift */,
				A163E5872414FD6E00FA0BA2 /* ViewModelStatus.swift */,
				A163E5902415211400FA0BA2 /* GitPullRequestDetailViewModel.swift */,
			);
			path = ViewModels;
			sourceTree = "<group>";
		};
		A166A946240D529200824CAD /* GitRepositories */ = {
			isa = PBXGroup;
			children = (
				A166A941240D518F00824CAD /* RepositoriesTableViewController.swift */,
				A166A942240D518F00824CAD /* RepositoriesTableViewController.xib */,
				A166A947240D52BE00824CAD /* RepositoriesTableViewCell.swift */,
				A166A948240D52BE00824CAD /* RepositoriesTableViewCell.xib */,
			);
			path = GitRepositories;
			sourceTree = "<group>";
		};
		A166A94B240D538300824CAD /* Extensions */ = {
			isa = PBXGroup;
			children = (
				A166A94C240D539300824CAD /* UIView+Utils.swift */,
				A163E5922415270500FA0BA2 /* Date+ToString.swift */,
				A163E59424152EFF00FA0BA2 /* UIImageView+LoadCircleImage.swift */,
			);
			path = Extensions;
			sourceTree = "<group>";
		};
		A166A94F240D587B00824CAD /* SupportFiles */ = {
			isa = PBXGroup;
			children = (
				A163E5A52415A5CA00FA0BA2 /* Observable.swift */,
				A166A950240D596500824CAD /* R.generated.swift */,
				A166A912240D506000824CAD /* LaunchScreen.storyboard */,
			);
			path = SupportFiles;
			sourceTree = "<group>";
		};
		A1672C8924132DC9004CE285 /* Coordinator */ = {
			isa = PBXGroup;
			children = (
				A1672C8A24132DE4004CE285 /* Coordinator.swift */,
				A1672C8D24132E66004CE285 /* MainCoordinator.swift */,
			);
			path = Coordinator;
			sourceTree = "<group>";
		};
		A1672CB72413B397004CE285 /* Components */ = {
			isa = PBXGroup;
			children = (
				A1672CB82413B3B4004CE285 /* ProgressHUD.swift */,
			);
			path = Components;
			sourceTree = "<group>";
		};
/* End PBXGroup section */

/* Begin PBXNativeTarget section */
		A166A900240D505800824CAD /* Presentation */ = {
			isa = PBXNativeTarget;
			buildConfigurationList = A166A92E240D506000824CAD /* Build configuration list for PBXNativeTarget "Presentation" */;
			buildPhases = (
				9C956C07FED0CD0A50BC76B2 /* [CP] Check Pods Manifest.lock */,
				A166A94E240D582F00824CAD /* R.Swift */,
				A166A8FD240D505800824CAD /* Sources */,
				A166A8FE240D505800824CAD /* Frameworks */,
				A166A8FF240D505800824CAD /* Resources */,
				A1368346CE0EBC9FBAA72EB6 /* [CP] Embed Pods Frameworks */,
				A1E2974F241121EC0020288A /* Embed Frameworks */,
			);
			buildRules = (
			);
			dependencies = (
			);
			name = Presentation;
			productName = Presentation;
			productReference = A166A901240D505800824CAD /* Presentation.app */;
			productType = "com.apple.product-type.application";
		};
		A166A919240D506000824CAD /* PresentationTests */ = {
			isa = PBXNativeTarget;
			buildConfigurationList = A166A931240D506000824CAD /* Build configuration list for PBXNativeTarget "PresentationTests" */;
			buildPhases = (
				5A48333850FB43E0A4ACD73E /* [CP] Check Pods Manifest.lock */,
				A166A916240D506000824CAD /* Sources */,
				A166A917240D506000824CAD /* Frameworks */,
				A166A918240D506000824CAD /* Resources */,
			);
			buildRules = (
			);
			dependencies = (
				A166A91C240D506000824CAD /* PBXTargetDependency */,
			);
			name = PresentationTests;
			productName = PresentationTests;
			productReference = A166A91A240D506000824CAD /* PresentationTests.xctest */;
			productType = "com.apple.product-type.bundle.unit-test";
		};
		A166A924240D506000824CAD /* PresentationUITests */ = {
			isa = PBXNativeTarget;
			buildConfigurationList = A166A934240D506000824CAD /* Build configuration list for PBXNativeTarget "PresentationUITests" */;
			buildPhases = (
				7FA1803B2CBEA00C84AADBD4 /* [CP] Check Pods Manifest.lock */,
				A166A921240D506000824CAD /* Sources */,
				A166A922240D506000824CAD /* Frameworks */,
				A166A923240D506000824CAD /* Resources */,
				B75C1D5054E0468AF60BBA10 /* [CP] Embed Pods Frameworks */,
			);
			buildRules = (
			);
			dependencies = (
				A166A927240D506000824CAD /* PBXTargetDependency */,
			);
			name = PresentationUITests;
			productName = PresentationUITests;
			productReference = A166A925240D506000824CAD /* PresentationUITests.xctest */;
			productType = "com.apple.product-type.bundle.ui-testing";
		};
/* End PBXNativeTarget section */

/* Begin PBXProject section */
		A166A8F9240D505800824CAD /* Project object */ = {
			isa = PBXProject;
			attributes = {
				LastSwiftUpdateCheck = 1120;
				LastUpgradeCheck = 1120;
				ORGANIZATIONNAME = "Taverna Apps";
				TargetAttributes = {
					A166A900240D505800824CAD = {
						CreatedOnToolsVersion = 11.2.1;
					};
					A166A919240D506000824CAD = {
						CreatedOnToolsVersion = 11.2.1;
						TestTargetID = A166A900240D505800824CAD;
					};
					A166A924240D506000824CAD = {
						CreatedOnToolsVersion = 11.2.1;
						TestTargetID = A166A900240D505800824CAD;
					};
				};
			};
			buildConfigurationList = A166A8FC240D505800824CAD /* Build configuration list for PBXProject "Presentation" */;
			compatibilityVersion = "Xcode 9.3";
			developmentRegion = en;
			hasScannedForEncodings = 0;
			knownRegions = (
				en,
				Base,
			);
			mainGroup = A166A8F8240D505800824CAD;
			productRefGroup = A166A902240D505800824CAD /* Products */;
			projectDirPath = "";
			projectRoot = "";
			targets = (
				A166A900240D505800824CAD /* Presentation */,
				A166A919240D506000824CAD /* PresentationTests */,
				A166A924240D506000824CAD /* PresentationUITests */,
			);
		};
/* End PBXProject section */

/* Begin PBXResourcesBuildPhase section */
		A166A8FF240D505800824CAD /* Resources */ = {
			isa = PBXResourcesBuildPhase;
			buildActionMask = 2147483647;
			files = (
				A166A914240D506000824CAD /* LaunchScreen.storyboard in Resources */,
				A163E58F2415159800FA0BA2 /* GitPullRequestDetailViewController.xib in Resources */,
				A166A94A240D52BE00824CAD /* RepositoriesTableViewCell.xib in Resources */,
				A166A911240D506000824CAD /* Assets.xcassets in Resources */,
				A163E57E241436A100FA0BA2 /* GitPullRequestsViewController.xib in Resources */,
				A163E5842414375900FA0BA2 /* GitPullRequestsTableViewCell.xib in Resources */,
				A166A944240D518F00824CAD /* RepositoriesTableViewController.xib in Resources */,
			);
			runOnlyForDeploymentPostprocessing = 0;
		};
		A166A918240D506000824CAD /* Resources */ = {
			isa = PBXResourcesBuildPhase;
			buildActionMask = 2147483647;
			files = (
			);
			runOnlyForDeploymentPostprocessing = 0;
		};
		A166A923240D506000824CAD /* Resources */ = {
			isa = PBXResourcesBuildPhase;
			buildActionMask = 2147483647;
			files = (
			);
			runOnlyForDeploymentPostprocessing = 0;
		};
/* End PBXResourcesBuildPhase section */

/* Begin PBXShellScriptBuildPhase section */
		5A48333850FB43E0A4ACD73E /* [CP] Check Pods Manifest.lock */ = {
			isa = PBXShellScriptBuildPhase;
			buildActionMask = 2147483647;
			files = (
			);
			inputFileListPaths = (
			);
			inputPaths = (
				"${PODS_PODFILE_DIR_PATH}/Podfile.lock",
				"${PODS_ROOT}/Manifest.lock",
			);
			name = "[CP] Check Pods Manifest.lock";
			outputFileListPaths = (
			);
			outputPaths = (
				"$(DERIVED_FILE_DIR)/Pods-PresentationTests-checkManifestLockResult.txt",
			);
			runOnlyForDeploymentPostprocessing = 0;
			shellPath = /bin/sh;
			shellScript = "diff \"${PODS_PODFILE_DIR_PATH}/Podfile.lock\" \"${PODS_ROOT}/Manifest.lock\" > /dev/null\nif [ $? != 0 ] ; then\n    # print error to STDERR\n    echo \"error: The sandbox is not in sync with the Podfile.lock. Run 'pod install' or update your CocoaPods installation.\" >&2\n    exit 1\nfi\n# This output is used by Xcode 'outputs' to avoid re-running this script phase.\necho \"SUCCESS\" > \"${SCRIPT_OUTPUT_FILE_0}\"\n";
			showEnvVarsInLog = 0;
		};
		7FA1803B2CBEA00C84AADBD4 /* [CP] Check Pods Manifest.lock */ = {
			isa = PBXShellScriptBuildPhase;
			buildActionMask = 2147483647;
			files = (
			);
			inputFileListPaths = (
			);
			inputPaths = (
				"${PODS_PODFILE_DIR_PATH}/Podfile.lock",
				"${PODS_ROOT}/Manifest.lock",
			);
			name = "[CP] Check Pods Manifest.lock";
			outputFileListPaths = (
			);
			outputPaths = (
				"$(DERIVED_FILE_DIR)/Pods-Presentation-PresentationUITests-checkManifestLockResult.txt",
			);
			runOnlyForDeploymentPostprocessing = 0;
			shellPath = /bin/sh;
			shellScript = "diff \"${PODS_PODFILE_DIR_PATH}/Podfile.lock\" \"${PODS_ROOT}/Manifest.lock\" > /dev/null\nif [ $? != 0 ] ; then\n    # print error to STDERR\n    echo \"error: The sandbox is not in sync with the Podfile.lock. Run 'pod install' or update your CocoaPods installation.\" >&2\n    exit 1\nfi\n# This output is used by Xcode 'outputs' to avoid re-running this script phase.\necho \"SUCCESS\" > \"${SCRIPT_OUTPUT_FILE_0}\"\n";
			showEnvVarsInLog = 0;
		};
		9C956C07FED0CD0A50BC76B2 /* [CP] Check Pods Manifest.lock */ = {
			isa = PBXShellScriptBuildPhase;
			buildActionMask = 2147483647;
			files = (
			);
			inputFileListPaths = (
			);
			inputPaths = (
				"${PODS_PODFILE_DIR_PATH}/Podfile.lock",
				"${PODS_ROOT}/Manifest.lock",
			);
			name = "[CP] Check Pods Manifest.lock";
			outputFileListPaths = (
			);
			outputPaths = (
				"$(DERIVED_FILE_DIR)/Pods-Presentation-checkManifestLockResult.txt",
			);
			runOnlyForDeploymentPostprocessing = 0;
			shellPath = /bin/sh;
			shellScript = "diff \"${PODS_PODFILE_DIR_PATH}/Podfile.lock\" \"${PODS_ROOT}/Manifest.lock\" > /dev/null\nif [ $? != 0 ] ; then\n    # print error to STDERR\n    echo \"error: The sandbox is not in sync with the Podfile.lock. Run 'pod install' or update your CocoaPods installation.\" >&2\n    exit 1\nfi\n# This output is used by Xcode 'outputs' to avoid re-running this script phase.\necho \"SUCCESS\" > \"${SCRIPT_OUTPUT_FILE_0}\"\n";
			showEnvVarsInLog = 0;
		};
		A1368346CE0EBC9FBAA72EB6 /* [CP] Embed Pods Frameworks */ = {
			isa = PBXShellScriptBuildPhase;
			buildActionMask = 2147483647;
			files = (
			);
			inputFileListPaths = (
				"${PODS_ROOT}/Target Support Files/Pods-Presentation/Pods-Presentation-frameworks-${CONFIGURATION}-input-files.xcfilelist",
			);
			name = "[CP] Embed Pods Frameworks";
			outputFileListPaths = (
				"${PODS_ROOT}/Target Support Files/Pods-Presentation/Pods-Presentation-frameworks-${CONFIGURATION}-output-files.xcfilelist",
			);
			runOnlyForDeploymentPostprocessing = 0;
			shellPath = /bin/sh;
			shellScript = "\"${PODS_ROOT}/Target Support Files/Pods-Presentation/Pods-Presentation-frameworks.sh\"\n";
			showEnvVarsInLog = 0;
		};
		A166A94E240D582F00824CAD /* R.Swift */ = {
			isa = PBXShellScriptBuildPhase;
			buildActionMask = 2147483647;
			files = (
			);
			inputFileListPaths = (
			);
			inputPaths = (
				"$TEMP_DIR/rswift-lastrun",
			);
			name = R.Swift;
			outputFileListPaths = (
			);
			outputPaths = (
				$SRCROOT/R.generated.swift,
			);
			runOnlyForDeploymentPostprocessing = 0;
			shellPath = /bin/sh;
			shellScript = "# Type a script or drag a script file from your workspace to insert its path.\n\"$PODS_ROOT/R.swift/rswift\" generate \"$SRCROOT/R.generated.swift\"\n";
		};
		B75C1D5054E0468AF60BBA10 /* [CP] Embed Pods Frameworks */ = {
			isa = PBXShellScriptBuildPhase;
			buildActionMask = 2147483647;
			files = (
			);
			inputFileListPaths = (
				"${PODS_ROOT}/Target Support Files/Pods-Presentation-PresentationUITests/Pods-Presentation-PresentationUITests-frameworks-${CONFIGURATION}-input-files.xcfilelist",
			);
			name = "[CP] Embed Pods Frameworks";
			outputFileListPaths = (
				"${PODS_ROOT}/Target Support Files/Pods-Presentation-PresentationUITests/Pods-Presentation-PresentationUITests-frameworks-${CONFIGURATION}-output-files.xcfilelist",
			);
			runOnlyForDeploymentPostprocessing = 0;
			shellPath = /bin/sh;
			shellScript = "\"${PODS_ROOT}/Target Support Files/Pods-Presentation-PresentationUITests/Pods-Presentation-PresentationUITests-frameworks.sh\"\n";
			showEnvVarsInLog = 0;
		};
/* End PBXShellScriptBuildPhase section */

/* Begin PBXSourcesBuildPhase section */
		A166A8FD240D505800824CAD /* Sources */ = {
			isa = PBXSourcesBuildPhase;
			buildActionMask = 2147483647;
			files = (
				A163E5A62415A5CA00FA0BA2 /* Observable.swift in Sources */,
				A163E59524152EFF00FA0BA2 /* UIImageView+LoadCircleImage.swift in Sources */,
				A163E5882414FD6E00FA0BA2 /* ViewModelStatus.swift in Sources */,
				A163E5912415211400FA0BA2 /* GitPullRequestDetailViewModel.swift in Sources */,
				A1073F1624223C6F00770450 /* GithubUITestWithDataAssembly.swift in Sources */,
				A163E58E2415159800FA0BA2 /* GitPullRequestDetailViewController.swift in Sources */,
				A166A951240D596500824CAD /* R.generated.swift in Sources */,
				A163E5832414375900FA0BA2 /* GitPullRequestsTableViewCell.swift in Sources */,
				A166A949240D52BE00824CAD /* RepositoriesTableViewCell.swift in Sources */,
				A1672C8E24132E66004CE285 /* MainCoordinator.swift in Sources */,
				A166A94D240D539300824CAD /* UIView+Utils.swift in Sources */,
				A1672CB92413B3B4004CE285 /* ProgressHUD.swift in Sources */,
				A163E57D241436A100FA0BA2 /* GitPullRequestsViewController.swift in Sources */,
				A163E5932415270500FA0BA2 /* Date+ToString.swift in Sources */,
				A166A943240D518F00824CAD /* RepositoriesTableViewController.swift in Sources */,
				A1073F1824223F3300770450 /* MainAssembler.swift in Sources */,
				A166A905240D505800824CAD /* AppDelegate.swift in Sources */,
				A1672C882413130E004CE285 /* RepositoriesTableViewModel.swift in Sources */,
				A1073F1424223C5200770450 /* GithubAssembly.swift in Sources */,
				A166A907240D505800824CAD /* SceneDelegate.swift in Sources */,
				A1672C8B24132DE4004CE285 /* Coordinator.swift in Sources */,
				A163E5862414FCC400FA0BA2 /* GitPullRequestsViewModel.swift in Sources */,
			);
			runOnlyForDeploymentPostprocessing = 0;
		};
		A166A916240D506000824CAD /* Sources */ = {
			isa = PBXSourcesBuildPhase;
			buildActionMask = 2147483647;
			files = (
				A163E599241538A600FA0BA2 /* MockGitPullRequestDataSource.swift in Sources */,
				A163E597241534AC00FA0BA2 /* GitPullRequestsViewModelTests.swift in Sources */,
				A163E59B2415391400FA0BA2 /* PullRequestDetailViewModelTests.swift in Sources */,
				A1672CB6241357A6004CE285 /* RepositoriesTableViewModelTests.swift in Sources */,
			);
			runOnlyForDeploymentPostprocessing = 0;
		};
		A166A921240D506000824CAD /* Sources */ = {
			isa = PBXSourcesBuildPhase;
			buildActionMask = 2147483647;
			files = (
				A166A92A240D506000824CAD /* PresentationUITests.swift in Sources */,
			);
			runOnlyForDeploymentPostprocessing = 0;
		};
/* End PBXSourcesBuildPhase section */

/* Begin PBXTargetDependency section */
		A166A91C240D506000824CAD /* PBXTargetDependency */ = {
			isa = PBXTargetDependency;
			target = A166A900240D505800824CAD /* Presentation */;
			targetProxy = A166A91B240D506000824CAD /* PBXContainerItemProxy */;
		};
		A166A927240D506000824CAD /* PBXTargetDependency */ = {
			isa = PBXTargetDependency;
			target = A166A900240D505800824CAD /* Presentation */;
			targetProxy = A166A926240D506000824CAD /* PBXContainerItemProxy */;
		};
/* End PBXTargetDependency section */

/* Begin PBXVariantGroup section */
		A166A912240D506000824CAD /* LaunchScreen.storyboard */ = {
			isa = PBXVariantGroup;
			children = (
				A166A913240D506000824CAD /* Base */,
			);
			name = LaunchScreen.storyboard;
			sourceTree = "<group>";
		};
/* End PBXVariantGroup section */

/* Begin XCBuildConfiguration section */
		A166A92C240D506000824CAD /* Debug */ = {
			isa = XCBuildConfiguration;
			buildSettings = {
				ALWAYS_SEARCH_USER_PATHS = NO;
				CLANG_ANALYZER_NONNULL = YES;
				CLANG_ANALYZER_NUMBER_OBJECT_CONVERSION = YES_AGGRESSIVE;
				CLANG_CXX_LANGUAGE_STANDARD = "gnu++14";
				CLANG_CXX_LIBRARY = "libc++";
				CLANG_ENABLE_MODULES = YES;
				CLANG_ENABLE_OBJC_ARC = YES;
				CLANG_ENABLE_OBJC_WEAK = YES;
				CLANG_WARN_BLOCK_CAPTURE_AUTORELEASING = YES;
				CLANG_WARN_BOOL_CONVERSION = YES;
				CLANG_WARN_COMMA = YES;
				CLANG_WARN_CONSTANT_CONVERSION = YES;
				CLANG_WARN_DEPRECATED_OBJC_IMPLEMENTATIONS = YES;
				CLANG_WARN_DIRECT_OBJC_ISA_USAGE = YES_ERROR;
				CLANG_WARN_DOCUMENTATION_COMMENTS = YES;
				CLANG_WARN_EMPTY_BODY = YES;
				CLANG_WARN_ENUM_CONVERSION = YES;
				CLANG_WARN_INFINITE_RECURSION = YES;
				CLANG_WARN_INT_CONVERSION = YES;
				CLANG_WARN_NON_LITERAL_NULL_CONVERSION = YES;
				CLANG_WARN_OBJC_IMPLICIT_RETAIN_SELF = YES;
				CLANG_WARN_OBJC_LITERAL_CONVERSION = YES;
				CLANG_WARN_OBJC_ROOT_CLASS = YES_ERROR;
				CLANG_WARN_RANGE_LOOP_ANALYSIS = YES;
				CLANG_WARN_STRICT_PROTOTYPES = YES;
				CLANG_WARN_SUSPICIOUS_MOVE = YES;
				CLANG_WARN_UNGUARDED_AVAILABILITY = YES_AGGRESSIVE;
				CLANG_WARN_UNREACHABLE_CODE = YES;
				CLANG_WARN__DUPLICATE_METHOD_MATCH = YES;
				COPY_PHASE_STRIP = NO;
				DEBUG_INFORMATION_FORMAT = dwarf;
				ENABLE_STRICT_OBJC_MSGSEND = YES;
				ENABLE_TESTABILITY = YES;
				GCC_C_LANGUAGE_STANDARD = gnu11;
				GCC_DYNAMIC_NO_PIC = NO;
				GCC_NO_COMMON_BLOCKS = YES;
				GCC_OPTIMIZATION_LEVEL = 0;
				GCC_PREPROCESSOR_DEFINITIONS = (
					"DEBUG=1",
					"$(inherited)",
				);
				GCC_WARN_64_TO_32_BIT_CONVERSION = YES;
				GCC_WARN_ABOUT_RETURN_TYPE = YES_ERROR;
				GCC_WARN_UNDECLARED_SELECTOR = YES;
				GCC_WARN_UNINITIALIZED_AUTOS = YES_AGGRESSIVE;
				GCC_WARN_UNUSED_FUNCTION = YES;
				GCC_WARN_UNUSED_VARIABLE = YES;
				IPHONEOS_DEPLOYMENT_TARGET = 13.2;
				MTL_ENABLE_DEBUG_INFO = INCLUDE_SOURCE;
				MTL_FAST_MATH = YES;
				ONLY_ACTIVE_ARCH = YES;
				SDKROOT = iphoneos;
				SWIFT_ACTIVE_COMPILATION_CONDITIONS = DEBUG;
				SWIFT_OPTIMIZATION_LEVEL = "-Onone";
			};
			name = Debug;
		};
		A166A92D240D506000824CAD /* Release */ = {
			isa = XCBuildConfiguration;
			buildSettings = {
				ALWAYS_SEARCH_USER_PATHS = NO;
				CLANG_ANALYZER_NONNULL = YES;
				CLANG_ANALYZER_NUMBER_OBJECT_CONVERSION = YES_AGGRESSIVE;
				CLANG_CXX_LANGUAGE_STANDARD = "gnu++14";
				CLANG_CXX_LIBRARY = "libc++";
				CLANG_ENABLE_MODULES = YES;
				CLANG_ENABLE_OBJC_ARC = YES;
				CLANG_ENABLE_OBJC_WEAK = YES;
				CLANG_WARN_BLOCK_CAPTURE_AUTORELEASING = YES;
				CLANG_WARN_BOOL_CONVERSION = YES;
				CLANG_WARN_COMMA = YES;
				CLANG_WARN_CONSTANT_CONVERSION = YES;
				CLANG_WARN_DEPRECATED_OBJC_IMPLEMENTATIONS = YES;
				CLANG_WARN_DIRECT_OBJC_ISA_USAGE = YES_ERROR;
				CLANG_WARN_DOCUMENTATION_COMMENTS = YES;
				CLANG_WARN_EMPTY_BODY = YES;
				CLANG_WARN_ENUM_CONVERSION = YES;
				CLANG_WARN_INFINITE_RECURSION = YES;
				CLANG_WARN_INT_CONVERSION = YES;
				CLANG_WARN_NON_LITERAL_NULL_CONVERSION = YES;
				CLANG_WARN_OBJC_IMPLICIT_RETAIN_SELF = YES;
				CLANG_WARN_OBJC_LITERAL_CONVERSION = YES;
				CLANG_WARN_OBJC_ROOT_CLASS = YES_ERROR;
				CLANG_WARN_RANGE_LOOP_ANALYSIS = YES;
				CLANG_WARN_STRICT_PROTOTYPES = YES;
				CLANG_WARN_SUSPICIOUS_MOVE = YES;
				CLANG_WARN_UNGUARDED_AVAILABILITY = YES_AGGRESSIVE;
				CLANG_WARN_UNREACHABLE_CODE = YES;
				CLANG_WARN__DUPLICATE_METHOD_MATCH = YES;
				COPY_PHASE_STRIP = NO;
				DEBUG_INFORMATION_FORMAT = "dwarf-with-dsym";
				ENABLE_NS_ASSERTIONS = NO;
				ENABLE_STRICT_OBJC_MSGSEND = YES;
				GCC_C_LANGUAGE_STANDARD = gnu11;
				GCC_NO_COMMON_BLOCKS = YES;
				GCC_WARN_64_TO_32_BIT_CONVERSION = YES;
				GCC_WARN_ABOUT_RETURN_TYPE = YES_ERROR;
				GCC_WARN_UNDECLARED_SELECTOR = YES;
				GCC_WARN_UNINITIALIZED_AUTOS = YES_AGGRESSIVE;
				GCC_WARN_UNUSED_FUNCTION = YES;
				GCC_WARN_UNUSED_VARIABLE = YES;
				IPHONEOS_DEPLOYMENT_TARGET = 13.2;
				MTL_ENABLE_DEBUG_INFO = NO;
				MTL_FAST_MATH = YES;
				SDKROOT = iphoneos;
				SWIFT_COMPILATION_MODE = wholemodule;
				SWIFT_OPTIMIZATION_LEVEL = "-O";
				VALIDATE_PRODUCT = YES;
			};
			name = Release;
		};
		A166A92F240D506000824CAD /* Debug */ = {
			isa = XCBuildConfiguration;
			baseConfigurationReference = 61E166D86EE628E348D34210 /* Pods-Presentation.debug.xcconfig */;
			buildSettings = {
				ASSETCATALOG_COMPILER_APPICON_NAME = AppIcon;
				CODE_SIGN_STYLE = Automatic;
				DEVELOPMENT_TEAM = 4REX2KBMNV;
				INFOPLIST_FILE = Presentation/Info.plist;
				LD_RUNPATH_SEARCH_PATHS = (
					"$(inherited)",
					"@executable_path/Frameworks",
				);
				PRODUCT_BUNDLE_IDENTIFIER = br.com.tavernapps.Presentation;
				PRODUCT_NAME = "$(TARGET_NAME)";
				SWIFT_VERSION = 5.0;
				TARGETED_DEVICE_FAMILY = "1,2";
			};
			name = Debug;
		};
		A166A930240D506000824CAD /* Release */ = {
			isa = XCBuildConfiguration;
			baseConfigurationReference = C8A11C5CBBCA2DC15256BED6 /* Pods-Presentation.release.xcconfig */;
			buildSettings = {
				ASSETCATALOG_COMPILER_APPICON_NAME = AppIcon;
				CODE_SIGN_STYLE = Automatic;
				DEVELOPMENT_TEAM = 4REX2KBMNV;
				INFOPLIST_FILE = Presentation/Info.plist;
				LD_RUNPATH_SEARCH_PATHS = (
					"$(inherited)",
					"@executable_path/Frameworks",
				);
				PRODUCT_BUNDLE_IDENTIFIER = br.com.tavernapps.Presentation;
				PRODUCT_NAME = "$(TARGET_NAME)";
				SWIFT_VERSION = 5.0;
				TARGETED_DEVICE_FAMILY = "1,2";
			};
			name = Release;
		};
		A166A932240D506000824CAD /* Debug */ = {
			isa = XCBuildConfiguration;
			baseConfigurationReference = 54C77493AA7D9DB58E1BA88B /* Pods-PresentationTests.debug.xcconfig */;
			buildSettings = {
				ALWAYS_EMBED_SWIFT_STANDARD_LIBRARIES = YES;
				BUNDLE_LOADER = "$(TEST_HOST)";
				CODE_SIGN_STYLE = Automatic;
				DEVELOPMENT_TEAM = 4REX2KBMNV;
				INFOPLIST_FILE = PresentationTests/Info.plist;
				IPHONEOS_DEPLOYMENT_TARGET = 13.2;
				LD_RUNPATH_SEARCH_PATHS = (
					"$(inherited)",
					"@executable_path/Frameworks",
					"@loader_path/Frameworks",
				);
				PRODUCT_BUNDLE_IDENTIFIER = br.com.tavernapps.PresentationTests;
				PRODUCT_NAME = "$(TARGET_NAME)";
				SWIFT_VERSION = 5.0;
				TARGETED_DEVICE_FAMILY = "1,2";
				TEST_HOST = "$(BUILT_PRODUCTS_DIR)/Presentation.app/Presentation";
			};
			name = Debug;
		};
		A166A933240D506000824CAD /* Release */ = {
			isa = XCBuildConfiguration;
			baseConfigurationReference = 0BA1FCC15619E1F652D1EF23 /* Pods-PresentationTests.release.xcconfig */;
			buildSettings = {
				ALWAYS_EMBED_SWIFT_STANDARD_LIBRARIES = YES;
				BUNDLE_LOADER = "$(TEST_HOST)";
				CODE_SIGN_STYLE = Automatic;
				DEVELOPMENT_TEAM = 4REX2KBMNV;
				INFOPLIST_FILE = PresentationTests/Info.plist;
				IPHONEOS_DEPLOYMENT_TARGET = 13.2;
				LD_RUNPATH_SEARCH_PATHS = (
					"$(inherited)",
					"@executable_path/Frameworks",
					"@loader_path/Frameworks",
				);
				PRODUCT_BUNDLE_IDENTIFIER = br.com.tavernapps.PresentationTests;
				PRODUCT_NAME = "$(TARGET_NAME)";
				SWIFT_VERSION = 5.0;
				TARGETED_DEVICE_FAMILY = "1,2";
				TEST_HOST = "$(BUILT_PRODUCTS_DIR)/Presentation.app/Presentation";
			};
			name = Release;
		};
		A166A935240D506000824CAD /* Debug */ = {
			isa = XCBuildConfiguration;
			baseConfigurationReference = 190544558C1B09CBF98C46EC /* Pods-Presentation-PresentationUITests.debug.xcconfig */;
			buildSettings = {
				ALWAYS_EMBED_SWIFT_STANDARD_LIBRARIES = YES;
				CODE_SIGN_STYLE = Automatic;
				DEVELOPMENT_TEAM = 4REX2KBMNV;
				INFOPLIST_FILE = PresentationUITests/Info.plist;
				LD_RUNPATH_SEARCH_PATHS = (
					"$(inherited)",
					"@executable_path/Frameworks",
					"@loader_path/Frameworks",
				);
				PRODUCT_BUNDLE_IDENTIFIER = br.com.tavernapps.PresentationUITests;
				PRODUCT_NAME = "$(TARGET_NAME)";
				SWIFT_VERSION = 5.0;
				TARGETED_DEVICE_FAMILY = "1,2";
				TEST_TARGET_NAME = Presentation;
			};
			name = Debug;
		};
		A166A936240D506000824CAD /* Release */ = {
			isa = XCBuildConfiguration;
			baseConfigurationReference = 8C941EE83833F9174BE98261 /* Pods-Presentation-PresentationUITests.release.xcconfig */;
			buildSettings = {
				ALWAYS_EMBED_SWIFT_STANDARD_LIBRARIES = YES;
				CODE_SIGN_STYLE = Automatic;
				DEVELOPMENT_TEAM = 4REX2KBMNV;
				INFOPLIST_FILE = PresentationUITests/Info.plist;
				LD_RUNPATH_SEARCH_PATHS = (
					"$(inherited)",
					"@executable_path/Frameworks",
					"@loader_path/Frameworks",
				);
				PRODUCT_BUNDLE_IDENTIFIER = br.com.tavernapps.PresentationUITests;
				PRODUCT_NAME = "$(TARGET_NAME)";
				SWIFT_VERSION = 5.0;
				TARGETED_DEVICE_FAMILY = "1,2";
				TEST_TARGET_NAME = Presentation;
			};
			name = Release;
		};
/* End XCBuildConfiguration section */

/* Begin XCConfigurationList section */
		A166A8FC240D505800824CAD /* Build configuration list for PBXProject "Presentation" */ = {
			isa = XCConfigurationList;
			buildConfigurations = (
				A166A92C240D506000824CAD /* Debug */,
				A166A92D240D506000824CAD /* Release */,
			);
			defaultConfigurationIsVisible = 0;
			defaultConfigurationName = Release;
		};
		A166A92E240D506000824CAD /* Build configuration list for PBXNativeTarget "Presentation" */ = {
			isa = XCConfigurationList;
			buildConfigurations = (
				A166A92F240D506000824CAD /* Debug */,
				A166A930240D506000824CAD /* Release */,
			);
			defaultConfigurationIsVisible = 0;
			defaultConfigurationName = Release;
		};
		A166A931240D506000824CAD /* Build configuration list for PBXNativeTarget "PresentationTests" */ = {
			isa = XCConfigurationList;
			buildConfigurations = (
				A166A932240D506000824CAD /* Debug */,
				A166A933240D506000824CAD /* Release */,
			);
			defaultConfigurationIsVisible = 0;
			defaultConfigurationName = Release;
		};
		A166A934240D506000824CAD /* Build configuration list for PBXNativeTarget "PresentationUITests" */ = {
			isa = XCConfigurationList;
			buildConfigurations = (
				A166A935240D506000824CAD /* Debug */,
				A166A936240D506000824CAD /* Release */,
			);
			defaultConfigurationIsVisible = 0;
			defaultConfigurationName = Release;
		};
/* End XCConfigurationList section */
	};
	rootObject = A166A8F9240D505800824CAD /* Project object */;
}
