// !$*UTF8*$!
{
	archiveVersion = 1;
	classes = {
	};
	objectVersion = 51;
	objects = {

/* Begin PBXBuildFile section */
		A1398AEF243847CB00A3A0CD /* GithubRequester.swift in Sources */ = {isa = PBXBuildFile; fileRef = A1398AEE243847CB00A3A0CD /* GithubRequester.swift */; };
		A158ABFB240BE89A00B7A40E /* DataLayer.framework in Frameworks */ = {isa = PBXBuildFile; fileRef = A158ABF1240BE89A00B7A40E /* DataLayer.framework */; };
		A158AC00240BE89A00B7A40E /* DataSourceTests.swift in Sources */ = {isa = PBXBuildFile; fileRef = A158ABFF240BE89A00B7A40E /* DataSourceTests.swift */; };
		A158AC02240BE89A00B7A40E /* DataSource.h in Headers */ = {isa = PBXBuildFile; fileRef = A158ABF4240BE89A00B7A40E /* DataSource.h */; settings = {ATTRIBUTES = (Public, ); }; };
		A163E56F2413F91700FA0BA2 /* GitPullRequestDataRepository.swift in Sources */ = {isa = PBXBuildFile; fileRef = A163E56E2413F91700FA0BA2 /* GitPullRequestDataRepository.swift */; };
		A163E5712413F9C600FA0BA2 /* GitPullRequestDataSource.swift in Sources */ = {isa = PBXBuildFile; fileRef = A163E5702413F9C600FA0BA2 /* GitPullRequestDataSource.swift */; };
		A163E574241431D900FA0BA2 /* GithubPullRequestDataSource.swift in Sources */ = {isa = PBXBuildFile; fileRef = A163E573241431D900FA0BA2 /* GithubPullRequestDataSource.swift */; };
		A163E5772414328200FA0BA2 /* GithubPullRequestModels.swift in Sources */ = {isa = PBXBuildFile; fileRef = A163E5762414328200FA0BA2 /* GithubPullRequestModels.swift */; };
		A163E5792414349E00FA0BA2 /* GitPullRequest+initWithPullRequestData.swift in Sources */ = {isa = PBXBuildFile; fileRef = A163E5782414349E00FA0BA2 /* GitPullRequest+initWithPullRequestData.swift */; };
		A163E59F24153B3700FA0BA2 /* GitRepoDataSource.swift in Sources */ = {isa = PBXBuildFile; fileRef = A163E59E24153B3700FA0BA2 /* GitRepoDataSource.swift */; };
		A163E5A124153B9400FA0BA2 /* GithubRepoDataSource.swift in Sources */ = {isa = PBXBuildFile; fileRef = A163E5A024153B9400FA0BA2 /* GithubRepoDataSource.swift */; };
		A1672C9124133263004CE285 /* GitRepoRepository.swift in Sources */ = {isa = PBXBuildFile; fileRef = A1672C9024133263004CE285 /* GitRepoRepository.swift */; };
		A1672C932413327C004CE285 /* Domain.framework in Frameworks */ = {isa = PBXBuildFile; fileRef = A1672C922413327C004CE285 /* Domain.framework */; };
		A1672C942413327C004CE285 /* Domain.framework in Embed Frameworks */ = {isa = PBXBuildFile; fileRef = A1672C922413327C004CE285 /* Domain.framework */; settings = {ATTRIBUTES = (CodeSignOnCopy, RemoveHeadersOnCopy, ); }; };
		A1672C9D241337B7004CE285 /* GithubAPIRouter.swift in Sources */ = {isa = PBXBuildFile; fileRef = A1672C9C241337B7004CE285 /* GithubAPIRouter.swift */; };
		A1672CA624134228004CE285 /* GitRepository+initWithRepoData.swift in Sources */ = {isa = PBXBuildFile; fileRef = A1672CA524134228004CE285 /* GitRepository+initWithRepoData.swift */; };
		A1672CB424134A86004CE285 /* GithubRepositoryResponseModels.swift in Sources */ = {isa = PBXBuildFile; fileRef = A1672CB324134A86004CE285 /* GithubRepositoryResponseModels.swift */; };
		A1B79AFA243E756500DD46B4 /* String+ToDate.swift in Sources */ = {isa = PBXBuildFile; fileRef = A1B79AF9243E756500DD46B4 /* String+ToDate.swift */; };
		A1C766E5242A2754009EFA6F /* ConfigDataRepository.swift in Sources */ = {isa = PBXBuildFile; fileRef = A1C766E4242A2754009EFA6F /* ConfigDataRepository.swift */; };
		A1C766E8242A2807009EFA6F /* ConfigDataSource.swift in Sources */ = {isa = PBXBuildFile; fileRef = A1C766E7242A2807009EFA6F /* ConfigDataSource.swift */; };
		A1C766EB242A2899009EFA6F /* MemoryConfigDataSource.swift in Sources */ = {isa = PBXBuildFile; fileRef = A1C766EA242A2899009EFA6F /* MemoryConfigDataSource.swift */; };
		BBE2E0D9B86A93CB92683942 /* Pods_DataSource.framework in Frameworks */ = {isa = PBXBuildFile; fileRef = 2BF8E15C260BE44E114E9AFC /* Pods_DataSource.framework */; };
		FCBB5FA5C73CFB9D6C798205 /* Pods_DataSourceTests.framework in Frameworks */ = {isa = PBXBuildFile; fileRef = 792B3B465FAEF07C60638D0B /* Pods_DataSourceTests.framework */; };
/* End PBXBuildFile section */

/* Begin PBXContainerItemProxy section */
		A158ABFC240BE89A00B7A40E /* PBXContainerItemProxy */ = {
			isa = PBXContainerItemProxy;
			containerPortal = A158ABE8240BE89A00B7A40E /* Project object */;
			proxyType = 1;
			remoteGlobalIDString = A158ABF0240BE89A00B7A40E;
			remoteInfo = DataSource;
		};
/* End PBXContainerItemProxy section */

/* Begin PBXCopyFilesBuildPhase section */
		A1672C952413327C004CE285 /* Embed Frameworks */ = {
			isa = PBXCopyFilesBuildPhase;
			buildActionMask = 2147483647;
			dstPath = "";
			dstSubfolderSpec = 10;
			files = (
				A1672C942413327C004CE285 /* Domain.framework in Embed Frameworks */,
			);
			name = "Embed Frameworks";
			runOnlyForDeploymentPostprocessing = 0;
		};
/* End PBXCopyFilesBuildPhase section */

/* Begin PBXFileReference section */
		1674AA013A57582DEAF7B543 /* Pods-DataSource.debug.xcconfig */ = {isa = PBXFileReference; includeInIndex = 1; lastKnownFileType = text.xcconfig; name = "Pods-DataSource.debug.xcconfig"; path = "Target Support Files/Pods-DataSource/Pods-DataSource.debug.xcconfig"; sourceTree = "<group>"; };
		2BF8E15C260BE44E114E9AFC /* Pods_DataSource.framework */ = {isa = PBXFileReference; explicitFileType = wrapper.framework; includeInIndex = 0; path = Pods_DataSource.framework; sourceTree = BUILT_PRODUCTS_DIR; };
		4C88F94646AF4F0ABEF66A9B /* Pods-DataSourceTests.debug.xcconfig */ = {isa = PBXFileReference; includeInIndex = 1; lastKnownFileType = text.xcconfig; name = "Pods-DataSourceTests.debug.xcconfig"; path = "Target Support Files/Pods-DataSourceTests/Pods-DataSourceTests.debug.xcconfig"; sourceTree = "<group>"; };
		6E28101E32A8FAFB8D4AB02A /* Pods-DataSource.release.xcconfig */ = {isa = PBXFileReference; includeInIndex = 1; lastKnownFileType = text.xcconfig; name = "Pods-DataSource.release.xcconfig"; path = "Target Support Files/Pods-DataSource/Pods-DataSource.release.xcconfig"; sourceTree = "<group>"; };
		792B3B465FAEF07C60638D0B /* Pods_DataSourceTests.framework */ = {isa = PBXFileReference; explicitFileType = wrapper.framework; includeInIndex = 0; path = Pods_DataSourceTests.framework; sourceTree = BUILT_PRODUCTS_DIR; };
		A1398AEE243847CB00A3A0CD /* GithubRequester.swift */ = {isa = PBXFileReference; lastKnownFileType = sourcecode.swift; path = GithubRequester.swift; sourceTree = "<group>"; };
		A158ABF1240BE89A00B7A40E /* DataLayer.framework */ = {isa = PBXFileReference; explicitFileType = wrapper.framework; includeInIndex = 0; path = DataLayer.framework; sourceTree = BUILT_PRODUCTS_DIR; };
		A158ABF4240BE89A00B7A40E /* DataSource.h */ = {isa = PBXFileReference; lastKnownFileType = sourcecode.c.h; path = DataSource.h; sourceTree = "<group>"; };
		A158ABF5240BE89A00B7A40E /* Info.plist */ = {isa = PBXFileReference; lastKnownFileType = text.plist.xml; path = Info.plist; sourceTree = "<group>"; };
		A158ABFA240BE89A00B7A40E /* DataLayerTests.xctest */ = {isa = PBXFileReference; explicitFileType = wrapper.cfbundle; includeInIndex = 0; path = DataLayerTests.xctest; sourceTree = BUILT_PRODUCTS_DIR; };
		A158ABFF240BE89A00B7A40E /* DataSourceTests.swift */ = {isa = PBXFileReference; lastKnownFileType = sourcecode.swift; path = DataSourceTests.swift; sourceTree = "<group>"; };
		A158AC01240BE89A00B7A40E /* Info.plist */ = {isa = PBXFileReference; lastKnownFileType = text.plist.xml; path = Info.plist; sourceTree = "<group>"; };
		A163E56E2413F91700FA0BA2 /* GitPullRequestDataRepository.swift */ = {isa = PBXFileReference; lastKnownFileType = sourcecode.swift; path = GitPullRequestDataRepository.swift; sourceTree = "<group>"; };
		A163E5702413F9C600FA0BA2 /* GitPullRequestDataSource.swift */ = {isa = PBXFileReference; lastKnownFileType = sourcecode.swift; path = GitPullRequestDataSource.swift; sourceTree = "<group>"; };
		A163E573241431D900FA0BA2 /* GithubPullRequestDataSource.swift */ = {isa = PBXFileReference; lastKnownFileType = sourcecode.swift; path = GithubPullRequestDataSource.swift; sourceTree = "<group>"; };
		A163E5762414328200FA0BA2 /* GithubPullRequestModels.swift */ = {isa = PBXFileReference; lastKnownFileType = sourcecode.swift; path = GithubPullRequestModels.swift; sourceTree = "<group>"; };
		A163E5782414349E00FA0BA2 /* GitPullRequest+initWithPullRequestData.swift */ = {isa = PBXFileReference; lastKnownFileType = sourcecode.swift; path = "GitPullRequest+initWithPullRequestData.swift"; sourceTree = "<group>"; };
		A163E59E24153B3700FA0BA2 /* GitRepoDataSource.swift */ = {isa = PBXFileReference; lastKnownFileType = sourcecode.swift; path = GitRepoDataSource.swift; sourceTree = "<group>"; };
		A163E5A024153B9400FA0BA2 /* GithubRepoDataSource.swift */ = {isa = PBXFileReference; lastKnownFileType = sourcecode.swift; path = GithubRepoDataSource.swift; sourceTree = "<group>"; };
		A1672C9024133263004CE285 /* GitRepoRepository.swift */ = {isa = PBXFileReference; lastKnownFileType = sourcecode.swift; path = GitRepoRepository.swift; sourceTree = "<group>"; };
		A1672C922413327C004CE285 /* Domain.framework */ = {isa = PBXFileReference; explicitFileType = wrapper.framework; path = Domain.framework; sourceTree = BUILT_PRODUCTS_DIR; };
		A1672C9C241337B7004CE285 /* GithubAPIRouter.swift */ = {isa = PBXFileReference; lastKnownFileType = sourcecode.swift; path = GithubAPIRouter.swift; sourceTree = "<group>"; };
		A1672CA524134228004CE285 /* GitRepository+initWithRepoData.swift */ = {isa = PBXFileReference; lastKnownFileType = sourcecode.swift; path = "GitRepository+initWithRepoData.swift"; sourceTree = "<group>"; };
		A1672CB324134A86004CE285 /* GithubRepositoryResponseModels.swift */ = {isa = PBXFileReference; fileEncoding = 4; lastKnownFileType = sourcecode.swift; path = GithubRepositoryResponseModels.swift; sourceTree = "<group>"; };
		A1B79AF9243E756500DD46B4 /* String+ToDate.swift */ = {isa = PBXFileReference; lastKnownFileType = sourcecode.swift; path = "String+ToDate.swift"; sourceTree = "<group>"; };
		A1C766E4242A2754009EFA6F /* ConfigDataRepository.swift */ = {isa = PBXFileReference; lastKnownFileType = sourcecode.swift; path = ConfigDataRepository.swift; sourceTree = "<group>"; };
		A1C766E7242A2807009EFA6F /* ConfigDataSource.swift */ = {isa = PBXFileReference; lastKnownFileType = sourcecode.swift; path = ConfigDataSource.swift; sourceTree = "<group>"; };
		A1C766EA242A2899009EFA6F /* MemoryConfigDataSource.swift */ = {isa = PBXFileReference; lastKnownFileType = sourcecode.swift; path = MemoryConfigDataSource.swift; sourceTree = "<group>"; };
		F2DBD215B8AEC985FA0EBDC0 /* Pods-DataSourceTests.release.xcconfig */ = {isa = PBXFileReference; includeInIndex = 1; lastKnownFileType = text.xcconfig; name = "Pods-DataSourceTests.release.xcconfig"; path = "Target Support Files/Pods-DataSourceTests/Pods-DataSourceTests.release.xcconfig"; sourceTree = "<group>"; };
/* End PBXFileReference section */

/* Begin PBXFrameworksBuildPhase section */
		A158ABEE240BE89A00B7A40E /* Frameworks */ = {
			isa = PBXFrameworksBuildPhase;
			buildActionMask = 2147483647;
			files = (
				A1672C932413327C004CE285 /* Domain.framework in Frameworks */,
				BBE2E0D9B86A93CB92683942 /* Pods_DataSource.framework in Frameworks */,
			);
			runOnlyForDeploymentPostprocessing = 0;
		};
		A158ABF7240BE89A00B7A40E /* Frameworks */ = {
			isa = PBXFrameworksBuildPhase;
			buildActionMask = 2147483647;
			files = (
				A158ABFB240BE89A00B7A40E /* DataLayer.framework in Frameworks */,
				FCBB5FA5C73CFB9D6C798205 /* Pods_DataSourceTests.framework in Frameworks */,
			);
			runOnlyForDeploymentPostprocessing = 0;
		};
/* End PBXFrameworksBuildPhase section */

/* Begin PBXGroup section */
		10AFBE3042A83EE721E0BBD3 /* Pods */ = {
			isa = PBXGroup;
			children = (
				1674AA013A57582DEAF7B543 /* Pods-DataSource.debug.xcconfig */,
				6E28101E32A8FAFB8D4AB02A /* Pods-DataSource.release.xcconfig */,
				4C88F94646AF4F0ABEF66A9B /* Pods-DataSourceTests.debug.xcconfig */,
				F2DBD215B8AEC985FA0EBDC0 /* Pods-DataSourceTests.release.xcconfig */,
			);
			name = Pods;
			path = ../Pods;
			sourceTree = "<group>";
		};
		5E4546458CD32194F064DA77 /* Frameworks */ = {
			isa = PBXGroup;
			children = (
				A1672C922413327C004CE285 /* Domain.framework */,
				2BF8E15C260BE44E114E9AFC /* Pods_DataSource.framework */,
				792B3B465FAEF07C60638D0B /* Pods_DataSourceTests.framework */,
			);
			name = Frameworks;
			sourceTree = "<group>";
		};
		A158ABE7240BE89A00B7A40E = {
			isa = PBXGroup;
			children = (
				A158ABF3240BE89A00B7A40E /* DataLayer */,
				A158ABFE240BE89A00B7A40E /* DataLayerTests */,
				A158ABF2240BE89A00B7A40E /* Products */,
				10AFBE3042A83EE721E0BBD3 /* Pods */,
				5E4546458CD32194F064DA77 /* Frameworks */,
			);
			sourceTree = "<group>";
		};
		A158ABF2240BE89A00B7A40E /* Products */ = {
			isa = PBXGroup;
			children = (
				A158ABF1240BE89A00B7A40E /* DataLayer.framework */,
				A158ABFA240BE89A00B7A40E /* DataLayerTests.xctest */,
			);
			name = Products;
			sourceTree = "<group>";
		};
		A158ABF3240BE89A00B7A40E /* DataLayer */ = {
			isa = PBXGroup;
			children = (
				A158ABF4240BE89A00B7A40E /* DataSource.h */,
				A158ABF5240BE89A00B7A40E /* Info.plist */,
				A1B79AF9243E756500DD46B4 /* String+ToDate.swift */,
				A1B79AFB243E757B00DD46B4 /* ConfigRepository */,
				A1B79AF7243E6EA900DD46B4 /* GitRepo */,
				A1B79AF8243E72E400DD46B4 /* PullRequest */,
				A1B79AFC243E761100DD46B4 /* Workers */,
			);
			path = DataLayer;
			sourceTree = "<group>";
		};
		A158ABFE240BE89A00B7A40E /* DataLayerTests */ = {
			isa = PBXGroup;
			children = (
				A158ABFF240BE89A00B7A40E /* DataSourceTests.swift */,
				A158AC01240BE89A00B7A40E /* Info.plist */,
			);
			path = DataLayerTests;
			sourceTree = "<group>";
		};
		A1B79AF7243E6EA900DD46B4 /* GitRepo */ = {
			isa = PBXGroup;
			children = (
				A163E5A024153B9400FA0BA2 /* GithubRepoDataSource.swift */,
				A1672CB324134A86004CE285 /* GithubRepositoryResponseModels.swift */,
				A163E59E24153B3700FA0BA2 /* GitRepoDataSource.swift */,
				A1672C9024133263004CE285 /* GitRepoRepository.swift */,
				A1672CA524134228004CE285 /* GitRepository+initWithRepoData.swift */,
			);
			path = GitRepo;
			sourceTree = "<group>";
		};
		A1B79AF8243E72E400DD46B4 /* PullRequest */ = {
			isa = PBXGroup;
			children = (
				A163E573241431D900FA0BA2 /* GithubPullRequestDataSource.swift */,
				A163E5762414328200FA0BA2 /* GithubPullRequestModels.swift */,
				A163E5782414349E00FA0BA2 /* GitPullRequest+initWithPullRequestData.swift */,
				A163E56E2413F91700FA0BA2 /* GitPullRequestDataRepository.swift */,
				A163E5702413F9C600FA0BA2 /* GitPullRequestDataSource.swift */,
			);
			path = PullRequest;
			sourceTree = "<group>";
		};
		A1B79AFB243E757B00DD46B4 /* ConfigRepository */ = {
			isa = PBXGroup;
			children = (
				A1C766E4242A2754009EFA6F /* ConfigDataRepository.swift */,
				A1C766E7242A2807009EFA6F /* ConfigDataSource.swift */,
				A1C766EA242A2899009EFA6F /* MemoryConfigDataSource.swift */,
			);
			path = ConfigRepository;
			sourceTree = "<group>";
		};
		A1B79AFC243E761100DD46B4 /* Workers */ = {
			isa = PBXGroup;
			children = (
				A1672C9C241337B7004CE285 /* GithubAPIRouter.swift */,
				A1398AEE243847CB00A3A0CD /* GithubRequester.swift */,
			);
			path = Workers;
			sourceTree = "<group>";
		};
/* End PBXGroup section */

/* Begin PBXHeadersBuildPhase section */
		A158ABEC240BE89A00B7A40E /* Headers */ = {
			isa = PBXHeadersBuildPhase;
			buildActionMask = 2147483647;
			files = (
				A158AC02240BE89A00B7A40E /* DataSource.h in Headers */,
			);
			runOnlyForDeploymentPostprocessing = 0;
		};
/* End PBXHeadersBuildPhase section */

/* Begin PBXNativeTarget section */
		A158ABF0240BE89A00B7A40E /* DataLayer */ = {
			isa = PBXNativeTarget;
			buildConfigurationList = A158AC05240BE89A00B7A40E /* Build configuration list for PBXNativeTarget "DataLayer" */;
			buildPhases = (
				EB847BE676A3CDF0283C6D40 /* [CP] Check Pods Manifest.lock */,
				A1FFB842243BEF3900120CDB /* SwiftLint */,
				A158ABEC240BE89A00B7A40E /* Headers */,
				A1FFB845243BF3DD00120CDB /* SwiftFormat */,
				A158ABED240BE89A00B7A40E /* Sources */,
				A158ABEE240BE89A00B7A40E /* Frameworks */,
				A158ABEF240BE89A00B7A40E /* Resources */,
				A1672C952413327C004CE285 /* Embed Frameworks */,
			);
			buildRules = (
			);
			dependencies = (
			);
			name = DataLayer;
			productName = DataSource;
			productReference = A158ABF1240BE89A00B7A40E /* DataLayer.framework */;
			productType = "com.apple.product-type.framework";
		};
		A158ABF9240BE89A00B7A40E /* DataLayerTests */ = {
			isa = PBXNativeTarget;
			buildConfigurationList = A158AC08240BE89A00B7A40E /* Build configuration list for PBXNativeTarget "DataLayerTests" */;
			buildPhases = (
				822BC8889F94DFE088FAEC54 /* [CP] Check Pods Manifest.lock */,
				A158ABF6240BE89A00B7A40E /* Sources */,
				A158ABF7240BE89A00B7A40E /* Frameworks */,
				A158ABF8240BE89A00B7A40E /* Resources */,
				0E14B6695ABB02811722B5E0 /* [CP] Embed Pods Frameworks */,
			);
			buildRules = (
			);
			dependencies = (
				A158ABFD240BE89A00B7A40E /* PBXTargetDependency */,
			);
			name = DataLayerTests;
			productName = DataSourceTests;
			productReference = A158ABFA240BE89A00B7A40E /* DataLayerTests.xctest */;
			productType = "com.apple.product-type.bundle.unit-test";
		};
/* End PBXNativeTarget section */

/* Begin PBXProject section */
		A158ABE8240BE89A00B7A40E /* Project object */ = {
			isa = PBXProject;
			attributes = {
				LastSwiftUpdateCheck = 1120;
				LastUpgradeCheck = 1120;
				ORGANIZATIONNAME = "Taverna Apps";
				TargetAttributes = {
					A158ABF0240BE89A00B7A40E = {
						CreatedOnToolsVersion = 11.2.1;
						LastSwiftMigration = 1120;
					};
					A158ABF9240BE89A00B7A40E = {
						CreatedOnToolsVersion = 11.2.1;
					};
				};
			};
			buildConfigurationList = A158ABEB240BE89A00B7A40E /* Build configuration list for PBXProject "DataLayer" */;
			compatibilityVersion = "Xcode 9.3";
			developmentRegion = en;
			hasScannedForEncodings = 0;
			knownRegions = (
				en,
				Base,
			);
			mainGroup = A158ABE7240BE89A00B7A40E;
			productRefGroup = A158ABF2240BE89A00B7A40E /* Products */;
			projectDirPath = "";
			projectRoot = "";
			targets = (
				A158ABF0240BE89A00B7A40E /* DataLayer */,
				A158ABF9240BE89A00B7A40E /* DataLayerTests */,
			);
		};
/* End PBXProject section */

/* Begin PBXResourcesBuildPhase section */
		A158ABEF240BE89A00B7A40E /* Resources */ = {
			isa = PBXResourcesBuildPhase;
			buildActionMask = 2147483647;
			files = (
			);
			runOnlyForDeploymentPostprocessing = 0;
		};
		A158ABF8240BE89A00B7A40E /* Resources */ = {
			isa = PBXResourcesBuildPhase;
			buildActionMask = 2147483647;
			files = (
			);
			runOnlyForDeploymentPostprocessing = 0;
		};
/* End PBXResourcesBuildPhase section */

/* Begin PBXShellScriptBuildPhase section */
		0E14B6695ABB02811722B5E0 /* [CP] Embed Pods Frameworks */ = {
			isa = PBXShellScriptBuildPhase;
			buildActionMask = 2147483647;
			files = (
			);
			inputFileListPaths = (
				"${PODS_ROOT}/Target Support Files/Pods-DataSourceTests/Pods-DataSourceTests-frameworks-${CONFIGURATION}-input-files.xcfilelist",
			);
			name = "[CP] Embed Pods Frameworks";
			outputFileListPaths = (
				"${PODS_ROOT}/Target Support Files/Pods-DataSourceTests/Pods-DataSourceTests-frameworks-${CONFIGURATION}-output-files.xcfilelist",
			);
			runOnlyForDeploymentPostprocessing = 0;
			shellPath = /bin/sh;
			shellScript = "\"${PODS_ROOT}/Target Support Files/Pods-DataSourceTests/Pods-DataSourceTests-frameworks.sh\"\n";
			showEnvVarsInLog = 0;
		};
		822BC8889F94DFE088FAEC54 /* [CP] Check Pods Manifest.lock */ = {
			isa = PBXShellScriptBuildPhase;
			buildActionMask = 2147483647;
			files = (
			);
			inputFileListPaths = (
			);
			inputPaths = (
				"${PODS_PODFILE_DIR_PATH}/Podfile.lock",
				"${PODS_ROOT}/Manifest.lock",
			);
			name = "[CP] Check Pods Manifest.lock";
			outputFileListPaths = (
			);
			outputPaths = (
				"$(DERIVED_FILE_DIR)/Pods-DataSourceTests-checkManifestLockResult.txt",
			);
			runOnlyForDeploymentPostprocessing = 0;
			shellPath = /bin/sh;
			shellScript = "diff \"${PODS_PODFILE_DIR_PATH}/Podfile.lock\" \"${PODS_ROOT}/Manifest.lock\" > /dev/null\nif [ $? != 0 ] ; then\n    # print error to STDERR\n    echo \"error: The sandbox is not in sync with the Podfile.lock. Run 'pod install' or update your CocoaPods installation.\" >&2\n    exit 1\nfi\n# This output is used by Xcode 'outputs' to avoid re-running this script phase.\necho \"SUCCESS\" > \"${SCRIPT_OUTPUT_FILE_0}\"\n";
			showEnvVarsInLog = 0;
		};
		A1FFB842243BEF3900120CDB /* SwiftLint */ = {
			isa = PBXShellScriptBuildPhase;
			buildActionMask = 2147483647;
			files = (
			);
			inputFileListPaths = (
			);
			inputPaths = (
			);
			name = SwiftLint;
			outputFileListPaths = (
			);
			outputPaths = (
			);
			runOnlyForDeploymentPostprocessing = 0;
			shellPath = /bin/sh;
			shellScript = "# Type a script or drag a script file from your workspace to insert its path.\n\"${PODS_ROOT}/SwiftLint/swiftlint\"\n";
		};
		A1FFB845243BF3DD00120CDB /* SwiftFormat */ = {
			isa = PBXShellScriptBuildPhase;
			buildActionMask = 2147483647;
			files = (
			);
			inputFileListPaths = (
			);
			inputPaths = (
			);
			name = SwiftFormat;
			outputFileListPaths = (
			);
			outputPaths = (
			);
			runOnlyForDeploymentPostprocessing = 0;
			shellPath = /bin/sh;
			shellScript = "# Type a script or drag a script file from your workspace to insert its path.\n\"${PODS_ROOT}/SwiftFormat/CommandLineTool/swiftformat\" \"$SRCROOT\"\n";
		};
		EB847BE676A3CDF0283C6D40 /* [CP] Check Pods Manifest.lock */ = {
			isa = PBXShellScriptBuildPhase;
			buildActionMask = 2147483647;
			files = (
			);
			inputFileListPaths = (
			);
			inputPaths = (
				"${PODS_PODFILE_DIR_PATH}/Podfile.lock",
				"${PODS_ROOT}/Manifest.lock",
			);
			name = "[CP] Check Pods Manifest.lock";
			outputFileListPaths = (
			);
			outputPaths = (
				"$(DERIVED_FILE_DIR)/Pods-DataSource-checkManifestLockResult.txt",
			);
			runOnlyForDeploymentPostprocessing = 0;
			shellPath = /bin/sh;
			shellScript = "diff \"${PODS_PODFILE_DIR_PATH}/Podfile.lock\" \"${PODS_ROOT}/Manifest.lock\" > /dev/null\nif [ $? != 0 ] ; then\n    # print error to STDERR\n    echo \"error: The sandbox is not in sync with the Podfile.lock. Run 'pod install' or update your CocoaPods installation.\" >&2\n    exit 1\nfi\n# This output is used by Xcode 'outputs' to avoid re-running this script phase.\necho \"SUCCESS\" > \"${SCRIPT_OUTPUT_FILE_0}\"\n";
			showEnvVarsInLog = 0;
		};
/* End PBXShellScriptBuildPhase section */

/* Begin PBXSourcesBuildPhase section */
		A158ABED240BE89A00B7A40E /* Sources */ = {
			isa = PBXSourcesBuildPhase;
			buildActionMask = 2147483647;
			files = (
				A1C766E8242A2807009EFA6F /* ConfigDataSource.swift in Sources */,
				A1B79AFA243E756500DD46B4 /* String+ToDate.swift in Sources */,
				A1C766EB242A2899009EFA6F /* MemoryConfigDataSource.swift in Sources */,
				A1C766E5242A2754009EFA6F /* ConfigDataRepository.swift in Sources */,
				A163E5712413F9C600FA0BA2 /* GitPullRequestDataSource.swift in Sources */,
				A1672CA624134228004CE285 /* GitRepository+initWithRepoData.swift in Sources */,
				A1672CB424134A86004CE285 /* GithubRepositoryResponseModels.swift in Sources */,
				A1672C9D241337B7004CE285 /* GithubAPIRouter.swift in Sources */,
				A1398AEF243847CB00A3A0CD /* GithubRequester.swift in Sources */,
				A163E574241431D900FA0BA2 /* GithubPullRequestDataSource.swift in Sources */,
				A163E59F24153B3700FA0BA2 /* GitRepoDataSource.swift in Sources */,
				A163E5A124153B9400FA0BA2 /* GithubRepoDataSource.swift in Sources */,
				A163E5792414349E00FA0BA2 /* GitPullRequest+initWithPullRequestData.swift in Sources */,
				A163E5772414328200FA0BA2 /* GithubPullRequestModels.swift in Sources */,
				A1672C9124133263004CE285 /* GitRepoRepository.swift in Sources */,
				A163E56F2413F91700FA0BA2 /* GitPullRequestDataRepository.swift in Sources */,
			);
			runOnlyForDeploymentPostprocessing = 0;
		};
		A158ABF6240BE89A00B7A40E /* Sources */ = {
			isa = PBXSourcesBuildPhase;
			buildActionMask = 2147483647;
			files = (
				A158AC00240BE89A00B7A40E /* DataSourceTests.swift in Sources */,
			);
			runOnlyForDeploymentPostprocessing = 0;
		};
/* End PBXSourcesBuildPhase section */

/* Begin PBXTargetDependency section */
		A158ABFD240BE89A00B7A40E /* PBXTargetDependency */ = {
			isa = PBXTargetDependency;
			target = A158ABF0240BE89A00B7A40E /* DataLayer */;
			targetProxy = A158ABFC240BE89A00B7A40E /* PBXContainerItemProxy */;
		};
/* End PBXTargetDependency section */

/* Begin XCBuildConfiguration section */
		A158AC03240BE89A00B7A40E /* Debug */ = {
			isa = XCBuildConfiguration;
			buildSettings = {
				ALWAYS_SEARCH_USER_PATHS = NO;
				CLANG_ANALYZER_NONNULL = YES;
				CLANG_ANALYZER_NUMBER_OBJECT_CONVERSION = YES_AGGRESSIVE;
				CLANG_CXX_LANGUAGE_STANDARD = "gnu++14";
				CLANG_CXX_LIBRARY = "libc++";
				CLANG_ENABLE_MODULES = YES;
				CLANG_ENABLE_OBJC_ARC = YES;
				CLANG_ENABLE_OBJC_WEAK = YES;
				CLANG_WARN_BLOCK_CAPTURE_AUTORELEASING = YES;
				CLANG_WARN_BOOL_CONVERSION = YES;
				CLANG_WARN_COMMA = YES;
				CLANG_WARN_CONSTANT_CONVERSION = YES;
				CLANG_WARN_DEPRECATED_OBJC_IMPLEMENTATIONS = YES;
				CLANG_WARN_DIRECT_OBJC_ISA_USAGE = YES_ERROR;
				CLANG_WARN_DOCUMENTATION_COMMENTS = YES;
				CLANG_WARN_EMPTY_BODY = YES;
				CLANG_WARN_ENUM_CONVERSION = YES;
				CLANG_WARN_INFINITE_RECURSION = YES;
				CLANG_WARN_INT_CONVERSION = YES;
				CLANG_WARN_NON_LITERAL_NULL_CONVERSION = YES;
				CLANG_WARN_OBJC_IMPLICIT_RETAIN_SELF = YES;
				CLANG_WARN_OBJC_LITERAL_CONVERSION = YES;
				CLANG_WARN_OBJC_ROOT_CLASS = YES_ERROR;
				CLANG_WARN_RANGE_LOOP_ANALYSIS = YES;
				CLANG_WARN_STRICT_PROTOTYPES = YES;
				CLANG_WARN_SUSPICIOUS_MOVE = YES;
				CLANG_WARN_UNGUARDED_AVAILABILITY = YES_AGGRESSIVE;
				CLANG_WARN_UNREACHABLE_CODE = YES;
				CLANG_WARN__DUPLICATE_METHOD_MATCH = YES;
				COPY_PHASE_STRIP = NO;
				CURRENT_PROJECT_VERSION = 1;
				DEBUG_INFORMATION_FORMAT = dwarf;
				ENABLE_STRICT_OBJC_MSGSEND = YES;
				ENABLE_TESTABILITY = YES;
				GCC_C_LANGUAGE_STANDARD = gnu11;
				GCC_DYNAMIC_NO_PIC = NO;
				GCC_NO_COMMON_BLOCKS = YES;
				GCC_OPTIMIZATION_LEVEL = 0;
				GCC_PREPROCESSOR_DEFINITIONS = (
					"DEBUG=1",
					"$(inherited)",
				);
				GCC_WARN_64_TO_32_BIT_CONVERSION = YES;
				GCC_WARN_ABOUT_RETURN_TYPE = YES_ERROR;
				GCC_WARN_UNDECLARED_SELECTOR = YES;
				GCC_WARN_UNINITIALIZED_AUTOS = YES_AGGRESSIVE;
				GCC_WARN_UNUSED_FUNCTION = YES;
				GCC_WARN_UNUSED_VARIABLE = YES;
				IPHONEOS_DEPLOYMENT_TARGET = 13.2;
				MTL_ENABLE_DEBUG_INFO = INCLUDE_SOURCE;
				MTL_FAST_MATH = YES;
				ONLY_ACTIVE_ARCH = YES;
				SDKROOT = iphoneos;
				SWIFT_ACTIVE_COMPILATION_CONDITIONS = DEBUG;
				SWIFT_OPTIMIZATION_LEVEL = "-Onone";
				VERSIONING_SYSTEM = "apple-generic";
				VERSION_INFO_PREFIX = "";
			};
			name = Debug;
		};
		A158AC04240BE89A00B7A40E /* Release */ = {
			isa = XCBuildConfiguration;
			buildSettings = {
				ALWAYS_SEARCH_USER_PATHS = NO;
				CLANG_ANALYZER_NONNULL = YES;
				CLANG_ANALYZER_NUMBER_OBJECT_CONVERSION = YES_AGGRESSIVE;
				CLANG_CXX_LANGUAGE_STANDARD = "gnu++14";
				CLANG_CXX_LIBRARY = "libc++";
				CLANG_ENABLE_MODULES = YES;
				CLANG_ENABLE_OBJC_ARC = YES;
				CLANG_ENABLE_OBJC_WEAK = YES;
				CLANG_WARN_BLOCK_CAPTURE_AUTORELEASING = YES;
				CLANG_WARN_BOOL_CONVERSION = YES;
				CLANG_WARN_COMMA = YES;
				CLANG_WARN_CONSTANT_CONVERSION = YES;
				CLANG_WARN_DEPRECATED_OBJC_IMPLEMENTATIONS = YES;
				CLANG_WARN_DIRECT_OBJC_ISA_USAGE = YES_ERROR;
				CLANG_WARN_DOCUMENTATION_COMMENTS = YES;
				CLANG_WARN_EMPTY_BODY = YES;
				CLANG_WARN_ENUM_CONVERSION = YES;
				CLANG_WARN_INFINITE_RECURSION = YES;
				CLANG_WARN_INT_CONVERSION = YES;
				CLANG_WARN_NON_LITERAL_NULL_CONVERSION = YES;
				CLANG_WARN_OBJC_IMPLICIT_RETAIN_SELF = YES;
				CLANG_WARN_OBJC_LITERAL_CONVERSION = YES;
				CLANG_WARN_OBJC_ROOT_CLASS = YES_ERROR;
				CLANG_WARN_RANGE_LOOP_ANALYSIS = YES;
				CLANG_WARN_STRICT_PROTOTYPES = YES;
				CLANG_WARN_SUSPICIOUS_MOVE = YES;
				CLANG_WARN_UNGUARDED_AVAILABILITY = YES_AGGRESSIVE;
				CLANG_WARN_UNREACHABLE_CODE = YES;
				CLANG_WARN__DUPLICATE_METHOD_MATCH = YES;
				COPY_PHASE_STRIP = NO;
				CURRENT_PROJECT_VERSION = 1;
				DEBUG_INFORMATION_FORMAT = "dwarf-with-dsym";
				ENABLE_NS_ASSERTIONS = NO;
				ENABLE_STRICT_OBJC_MSGSEND = YES;
				GCC_C_LANGUAGE_STANDARD = gnu11;
				GCC_NO_COMMON_BLOCKS = YES;
				GCC_WARN_64_TO_32_BIT_CONVERSION = YES;
				GCC_WARN_ABOUT_RETURN_TYPE = YES_ERROR;
				GCC_WARN_UNDECLARED_SELECTOR = YES;
				GCC_WARN_UNINITIALIZED_AUTOS = YES_AGGRESSIVE;
				GCC_WARN_UNUSED_FUNCTION = YES;
				GCC_WARN_UNUSED_VARIABLE = YES;
				IPHONEOS_DEPLOYMENT_TARGET = 13.2;
				MTL_ENABLE_DEBUG_INFO = NO;
				MTL_FAST_MATH = YES;
				SDKROOT = iphoneos;
				SWIFT_COMPILATION_MODE = wholemodule;
				SWIFT_OPTIMIZATION_LEVEL = "-O";
				VALIDATE_PRODUCT = YES;
				VERSIONING_SYSTEM = "apple-generic";
				VERSION_INFO_PREFIX = "";
			};
			name = Release;
		};
		A158AC06240BE89A00B7A40E /* Debug */ = {
			isa = XCBuildConfiguration;
			baseConfigurationReference = 1674AA013A57582DEAF7B543 /* Pods-DataSource.debug.xcconfig */;
			buildSettings = {
				CLANG_ENABLE_MODULES = YES;
				CODE_SIGN_STYLE = Automatic;
				DEFINES_MODULE = YES;
				DEVELOPMENT_TEAM = 4REX2KBMNV;
				DYLIB_COMPATIBILITY_VERSION = 1;
				DYLIB_CURRENT_VERSION = 1;
				DYLIB_INSTALL_NAME_BASE = "@rpath";
				INFOPLIST_FILE = DataLayer/Info.plist;
				INSTALL_PATH = "$(LOCAL_LIBRARY_DIR)/Frameworks";
				LD_RUNPATH_SEARCH_PATHS = (
					"$(inherited)",
					"@executable_path/Frameworks",
					"@loader_path/Frameworks",
				);
				PRODUCT_BUNDLE_IDENTIFIER = br.com.tavernapps.DataSource;
				PRODUCT_NAME = "$(TARGET_NAME:c99extidentifier)";
				SKIP_INSTALL = YES;
				SWIFT_OPTIMIZATION_LEVEL = "-Onone";
				SWIFT_VERSION = 5.0;
				TARGETED_DEVICE_FAMILY = "1,2";
			};
			name = Debug;
		};
		A158AC07240BE89A00B7A40E /* Release */ = {
			isa = XCBuildConfiguration;
			baseConfigurationReference = 6E28101E32A8FAFB8D4AB02A /* Pods-DataSource.release.xcconfig */;
			buildSettings = {
				CLANG_ENABLE_MODULES = YES;
				CODE_SIGN_STYLE = Automatic;
				DEFINES_MODULE = YES;
				DEVELOPMENT_TEAM = 4REX2KBMNV;
				DYLIB_COMPATIBILITY_VERSION = 1;
				DYLIB_CURRENT_VERSION = 1;
				DYLIB_INSTALL_NAME_BASE = "@rpath";
				INFOPLIST_FILE = DataLayer/Info.plist;
				INSTALL_PATH = "$(LOCAL_LIBRARY_DIR)/Frameworks";
				LD_RUNPATH_SEARCH_PATHS = (
					"$(inherited)",
					"@executable_path/Frameworks",
					"@loader_path/Frameworks",
				);
				PRODUCT_BUNDLE_IDENTIFIER = br.com.tavernapps.DataSource;
				PRODUCT_NAME = "$(TARGET_NAME:c99extidentifier)";
				SKIP_INSTALL = YES;
				SWIFT_VERSION = 5.0;
				TARGETED_DEVICE_FAMILY = "1,2";
			};
			name = Release;
		};
		A158AC09240BE89A00B7A40E /* Debug */ = {
			isa = XCBuildConfiguration;
			baseConfigurationReference = 4C88F94646AF4F0ABEF66A9B /* Pods-DataSourceTests.debug.xcconfig */;
			buildSettings = {
				ALWAYS_EMBED_SWIFT_STANDARD_LIBRARIES = YES;
				CODE_SIGN_STYLE = Automatic;
				DEVELOPMENT_TEAM = 4REX2KBMNV;
				INFOPLIST_FILE = DataLayerTests/Info.plist;
				LD_RUNPATH_SEARCH_PATHS = (
					"$(inherited)",
					"@executable_path/Frameworks",
					"@loader_path/Frameworks",
				);
				PRODUCT_BUNDLE_IDENTIFIER = br.com.tavernapps.DataSourceTests;
				PRODUCT_NAME = "$(TARGET_NAME)";
				SWIFT_VERSION = 5.0;
				TARGETED_DEVICE_FAMILY = "1,2";
			};
			name = Debug;
		};
		A158AC0A240BE89A00B7A40E /* Release */ = {
			isa = XCBuildConfiguration;
			baseConfigurationReference = F2DBD215B8AEC985FA0EBDC0 /* Pods-DataSourceTests.release.xcconfig */;
			buildSettings = {
				ALWAYS_EMBED_SWIFT_STANDARD_LIBRARIES = YES;
				CODE_SIGN_STYLE = Automatic;
				DEVELOPMENT_TEAM = 4REX2KBMNV;
				INFOPLIST_FILE = DataLayerTests/Info.plist;
				LD_RUNPATH_SEARCH_PATHS = (
					"$(inherited)",
					"@executable_path/Frameworks",
					"@loader_path/Frameworks",
				);
				PRODUCT_BUNDLE_IDENTIFIER = br.com.tavernapps.DataSourceTests;
				PRODUCT_NAME = "$(TARGET_NAME)";
				SWIFT_VERSION = 5.0;
				TARGETED_DEVICE_FAMILY = "1,2";
			};
			name = Release;
		};
/* End XCBuildConfiguration section */

/* Begin XCConfigurationList section */
		A158ABEB240BE89A00B7A40E /* Build configuration list for PBXProject "DataLayer" */ = {
			isa = XCConfigurationList;
			buildConfigurations = (
				A158AC03240BE89A00B7A40E /* Debug */,
				A158AC04240BE89A00B7A40E /* Release */,
			);
			defaultConfigurationIsVisible = 0;
			defaultConfigurationName = Release;
		};
		A158AC05240BE89A00B7A40E /* Build configuration list for PBXNativeTarget "DataLayer" */ = {
			isa = XCConfigurationList;
			buildConfigurations = (
				A158AC06240BE89A00B7A40E /* Debug */,
				A158AC07240BE89A00B7A40E /* Release */,
			);
			defaultConfigurationIsVisible = 0;
			defaultConfigurationName = Release;
		};
		A158AC08240BE89A00B7A40E /* Build configuration list for PBXNativeTarget "DataLayerTests" */ = {
			isa = XCConfigurationList;
			buildConfigurations = (
				A158AC09240BE89A00B7A40E /* Debug */,
				A158AC0A240BE89A00B7A40E /* Release */,
			);
			defaultConfigurationIsVisible = 0;
			defaultConfigurationName = Release;
		};
/* End XCConfigurationList section */
	};
	rootObject = A158ABE8240BE89A00B7A40E /* Project object */;
}
